// !$*UTF8*$!
{
	archiveVersion = 1;
	classes = {
	};
	objectVersion = 46;
	objects = {

/* Begin PBXBuildFile section */
		CC9BD6141BE7766B00C4BC12 /* main.m in Sources */ = {isa = PBXBuildFile; fileRef = CC9BD6131BE7766B00C4BC12 /* main.m */; };
		CC9BD61C1BE7767F00C4BC12 /* QYCar.m in Sources */ = {isa = PBXBuildFile; fileRef = CC9BD61B1BE7767F00C4BC12 /* QYCar.m */; settings = {ASSET_TAGS = (); }; };
/* End PBXBuildFile section */

/* Begin PBXCopyFilesBuildPhase section */
		CC9BD60E1BE7766A00C4BC12 /* CopyFiles */ = {
			isa = PBXCopyFilesBuildPhase;
			buildActionMask = 2147483647;
			dstPath = /usr/share/man/man1/;
			dstSubfolderSpec = 0;
			files = (
			);
			runOnlyForDeploymentPostprocessing = 1;
		};
/* End PBXCopyFilesBuildPhase section */

/* Begin PBXFileReference section */
		CC9BD6101BE7766B00C4BC12 /* FormProtocolsDemo */ = {isa = PBXFileReference; explicitFileType = "compiled.mach-o.executable"; includeInIndex = 0; path = FormProtocolsDemo; sourceTree = BUILT_PRODUCTS_DIR; };
		CC9BD6131BE7766B00C4BC12 /* main.m */ = {isa = PBXFileReference; lastKnownFileType = sourcecode.c.objc; path = main.m; sourceTree = "<group>"; };
		CC9BD61A1BE7767F00C4BC12 /* QYCar.h */ = {isa = PBXFileReference; fileEncoding = 4; lastKnownFileType = sourcecode.c.h; path = QYCar.h; sourceTree = "<group>"; };
		CC9BD61B1BE7767F00C4BC12 /* QYCar.m */ = {isa = PBXFileReference; fileEncoding = 4; lastKnownFileType = sourcecode.c.objc; path = QYCar.m; sourceTree = "<group>"; };
/* End PBXFileReference section */

/* Begin PBXFrameworksBuildPhase section */
		CC9BD60D1BE7766A00C4BC12 /* Frameworks */ = {
			isa = PBXFrameworksBuildPhase;
			buildActionMask = 2147483647;
			files = (
			);
			runOnlyForDeploymentPostprocessing = 0;
		};
/* End PBXFrameworksBuildPhase section */

/* Begin PBXGroup section */
		CC9BD6071BE7766A00C4BC12 = {
			isa = PBXGroup;
			children = (
				CC9BD6121BE7766B00C4BC12 /* FormProtocolsDemo */,
				CC9BD6111BE7766B00C4BC12 /* Products */,
			);
			sourceTree = "<group>";
		};
		CC9BD6111BE7766B00C4BC12 /* Products */ = {
			isa = PBXGroup;
			children = (
				CC9BD6101BE7766B00C4BC12 /* FormProtocolsDemo */,
			);
			name = Products;
			sourceTree = "<group>";
		};
		CC9BD6121BE7766B00C4BC12 /* FormProtocolsDemo */ = {
			isa = PBXGroup;
			children = (
				CC9BD6131BE7766B00C4BC12 /* main.m */,
				CC9BD61A1BE7767F00C4BC12 /* QYCar.h */,
				CC9BD61B1BE7767F00C4BC12 /* QYCar.m */,
			);
			path = FormProtocolsDemo;
			sourceTree = "<group>";
		};
/* End PBXGroup section */

/* Begin PBXNativeTarget section */
		CC9BD60F1BE7766A00C4BC12 /* FormProtocolsDemo */ = {
			isa = PBXNativeTarget;
			buildConfigurationList = CC9BD6171BE7766B00C4BC12 /* Build configuration list for PBXNativeTarget "FormProtocolsDemo" */;
			buildPhases = (
				CC9BD60C1BE7766A00C4BC12 /* Sources */,
				CC9BD60D1BE7766A00C4BC12 /* Frameworks */,
				CC9BD60E1BE7766A00C4BC12 /* CopyFiles */,
			);
			buildRules = (
			);
			dependencies = (
			);
			name = FormProtocolsDemo;
			productName = FormProtocolsDemo;
			productReference = CC9BD6101BE7766B00C4BC12 /* FormProtocolsDemo */;
			productType = "com.apple.product-type.tool";
		};
/* End PBXNativeTarget section */

/* Begin PBXProject section */
		CC9BD6081BE7766A00C4BC12 /* Project object */ = {
			isa = PBXProject;
			attributes = {
				LastUpgradeCheck = 0700;
				ORGANIZATIONNAME = qingyun;
				TargetAttributes = {
					CC9BD60F1BE7766A00C4BC12 = {
						CreatedOnToolsVersion = 7.0.1;
					};
				};
			};
			buildConfigurationList = CC9BD60B1BE7766A00C4BC12 /* Build configuration list for PBXProject "FormProtocolsDemo" */;
			compatibilityVersion = "Xcode 3.2";
			developmentRegion = English;
			hasScannedForEncodings = 0;
			knownRegions = (
				en,
			);
			mainGroup = CC9BD6071BE7766A00C4BC12;
			productRefGroup = CC9BD6111BE7766B00C4BC12 /* Products */;
			projectDirPath = "";
			projectRoot = "";
			targets = (
				CC9BD60F1BE7766A00C4BC12 /* FormProtocolsDemo */,
			);
		};
/* End PBXProject section */

/* Begin PBXSourcesBuildPhase section */
		CC9BD60C1BE7766A00C4BC12 /* Sources */ = {
			isa = PBXSourcesBuildPhase;
			buildActionMask = 2147483647;
			files = (
				CC9BD61C1BE7767F00C4BC12 /* QYCar.m in Sources */,
				CC9BD6141BE7766B00C4BC12 /* main.m in Sources */,
			);
			runOnlyForDeploymentPostprocessing = 0;
		};
/* End PBXSourcesBuildPhase section */

/* Begin XCBuildConfiguration section */
		CC9BD6151BE7766B00C4BC12 /* Debug */ = {
			isa = XCBuildConfiguration;
			buildSettings = {
				ALWAYS_SEARCH_USER_PATHS = NO;
				CLANG_CXX_LANGUAGE_STANDARD = "gnu++0x";
				CLANG_CXX_LIBRARY = "libc++";
				CLANG_ENABLE_MODULES = YES;
				CLANG_ENABLE_OBJC_ARC = YES;
				CLANG_WARN_BOOL_CONVERSION = YES;
				CLANG_WARN_CONSTANT_CONVERSION = YES;
				CLANG_WARN_DIRECT_OBJC_ISA_USAGE = YES_ERROR;
				CLANG_WARN_EMPTY_BODY = YES;
				CLANG_WARN_ENUM_CONVERSION = YES;
				CLANG_WARN_INT_CONVERSION = YES;
				CLANG_WARN_OBJC_ROOT_CLASS = YES_ERROR;
				CLANG_WARN_UNREACHABLE_CODE = YES;
				CLANG_WARN__DUPLICATE_METHOD_MATCH = YES;
				COPY_PHASE_STRIP = NO;
				DEBUG_INFORMATION_FORMAT = dwarf;
				ENABLE_STRICT_OBJC_MSGSEND = YES;
				ENABLE_TESTABILITY = YES;
				GCC_C_LANGUAGE_STANDARD = gnu99;
				GCC_DYNAMIC_NO_PIC = NO;
				GCC_NO_COMMON_BLOCKS = YES;
				GCC_OPTIMIZATION_LEVEL = 0;
				GCC_PREPROCESSOR_DEFINITIONS = (
					"DEBUG=1",
					"$(inherited)",
				);
				GCC_WARN_64_TO_32_BIT_CONVERSION = YES;
				GCC_WARN_ABOUT_RETURN_TYPE = YES_ERROR;
				GCC_WARN_UNDECLARED_SELECTOR = YES;
				GCC_WARN_UNINITIALIZED_AUTOS = YES_AGGRESSIVE;
				GCC_WARN_UNUSED_FUNCTION = YES;
				GCC_WARN_UNUSED_VARIABLE = YES;
				MACOSX_DEPLOYMENT_TARGET = 10.10;
				MTL_ENABLE_DEBUG_INFO = YES;
				ONLY_ACTIVE_ARCH = YES;
				SDKROOT = macosx;
			};
			name = Debug;
		};
		CC9BD6161BE7766B00C4BC12 /* Release */ = {
			isa = XCBuildConfiguration;
			buildSettings = {
				ALWAYS_SEARCH_USER_PATHS = NO;
				CLANG_CXX_LANGUAGE_STANDARD = "gnu++0x";
				CLANG_CXX_LIBRARY = "libc++";
				CLANG_ENABLE_MODULES = YES;
				CLANG_ENABLE_OBJC_ARC = YES;
				CLANG_WARN_BOOL_CONVERSION = YES;
				CLANG_WARN_CONSTANT_CONVERSION = YES;
				CLANG_WARN_DIRECT_OBJC_ISA_USAGE = YES_ERROR;
				CLANG_WARN_EMPTY_BODY = YES;
				CLANG_WARN_ENUM_CONVERSION = YES;
				CLANG_WARN_INT_CONVERSION = YES;
				CLANG_WARN_OBJC_ROOT_CLASS = YES_ERROR;
				CLANG_WARN_UNREACHABLE_CODE = YES;
				CLANG_WARN__DUPLICATE_METHOD_MATCH = YES;
				COPY_PHASE_STRIP = NO;
				DEBUG_INFORMATION_FORMAT = "dwarf-with-dsym";
				ENABLE_NS_ASSERTIONS = NO;
				ENABLE_STRICT_OBJC_MSGSEND = YES;
				GCC_C_LANGUAGE_STANDARD = gnu99;
				GCC_NO_COMMON_BLOCKS = YES;
				GCC_WARN_64_TO_32_BIT_CONVERSION = YES;
				GCC_WARN_ABOUT_RETURN_TYPE = YES_ERROR;
				GCC_WARN_UNDECLARED_SELECTOR = YES;
				GCC_WARN_UNINITIALIZED_AUTOS = YES_AGGRESSIVE;
				GCC_WARN_UNUSED_FUNCTION = YES;
				GCC_WARN_UNUSED_VARIABLE = YES;
				MACOSX_DEPLOYMENT_TARGET = 10.10;
				MTL_ENABLE_DEBUG_INFO = NO;
				SDKROOT = macosx;
			};
			name = Release;
		};
		CC9BD6181BE7766B00C4BC12 /* Debug */ = {
			isa = XCBuildConfiguration;
			buildSettings = {
				PRODUCT_NAME = "$(TARGET_NAME)";
			};
			name = Debug;
		};
		CC9BD6191BE7766B00C4BC12 /* Release */ = {
			isa = XCBuildConfiguration;
			buildSettings = {
				PRODUCT_NAME = "$(TARGET_NAME)";
			};
			name = Release;
		};
/* End XCBuildConfiguration section */

/* Begin XCConfigurationList section */
		CC9BD60B1BE7766A00C4BC12 /* Build configuration list for PBXProject "FormProtocolsDemo" */ = {
			isa = XCConfigurationList;
			buildConfigurations = (
				CC9BD6151BE7766B00C4BC12 /* Debug */,
				CC9BD6161BE7766B00C4BC12 /* Release */,
			);
			defaultConfigurationIsVisible = 0;
			defaultConfigurationName = Release;
		};
		CC9BD6171BE7766B00C4BC12 /* Build configuration list for PBXNativeTarget "FormProtocolsDemo" */ = {
			isa = XCConfigurationList;
			buildConfigurations = (
				CC9BD6181BE7766B00C4BC12 /* Debug */,
				CC9BD6191BE7766B00C4BC12 /* Release */,
			);
			defaultConfigurationIsVisible = 0;
		};
/* End XCConfigurationList section */
	};
	rootObject = CC9BD6081BE7766A00C4BC12 /* Project object */;
}
