// !$*UTF8*$!
{
	archiveVersion = 1;
	classes = {
	};
	objectVersion = 46;
	objects = {

/* Begin PBXBuildFile section */
		CCB1B75F1BE7946100F3334C /* main.m in Sources */ = {isa = PBXBuildFile; fileRef = CCB1B75E1BE7946100F3334C /* main.m */; };
		CCB1B7671BE7947400F3334C /* QYCar.m in Sources */ = {isa = PBXBuildFile; fileRef = CCB1B7661BE7947400F3334C /* QYCar.m */; settings = {ASSET_TAGS = (); }; };
/* End PBXBuildFile section */

/* Begin PBXCopyFilesBuildPhase section */
		CCB1B7591BE7946100F3334C /* CopyFiles */ = {
			isa = PBXCopyFilesBuildPhase;
			buildActionMask = 2147483647;
			dstPath = /usr/share/man/man1/;
			dstSubfolderSpec = 0;
			files = (
			);
			runOnlyForDeploymentPostprocessing = 1;
		};
/* End PBXCopyFilesBuildPhase section */

/* Begin PBXFileReference section */
		CCB1B75B1BE7946100F3334C /* QYCar */ = {isa = PBXFileReference; explicitFileType = "compiled.mach-o.executable"; includeInIndex = 0; path = QYCar; sourceTree = BUILT_PRODUCTS_DIR; };
		CCB1B75E1BE7946100F3334C /* main.m */ = {isa = PBXFileReference; lastKnownFileType = sourcecode.c.objc; path = main.m; sourceTree = "<group>"; };
		CCB1B7651BE7947400F3334C /* QYCar.h */ = {isa = PBXFileReference; fileEncoding = 4; lastKnownFileType = sourcecode.c.h; path = QYCar.h; sourceTree = "<group>"; };
		CCB1B7661BE7947400F3334C /* QYCar.m */ = {isa = PBXFileReference; fileEncoding = 4; lastKnownFileType = sourcecode.c.objc; path = QYCar.m; sourceTree = "<group>"; };
/* End PBXFileReference section */

/* Begin PBXFrameworksBuildPhase section */
		CCB1B7581BE7946100F3334C /* Frameworks */ = {
			isa = PBXFrameworksBuildPhase;
			buildActionMask = 2147483647;
			files = (
			);
			runOnlyForDeploymentPostprocessing = 0;
		};
/* End PBXFrameworksBuildPhase section */

/* Begin PBXGroup section */
		CCB1B7521BE7946100F3334C = {
			isa = PBXGroup;
			children = (
				CCB1B75D1BE7946100F3334C /* QYCar */,
				CCB1B75C1BE7946100F3334C /* Products */,
			);
			sourceTree = "<group>";
		};
		CCB1B75C1BE7946100F3334C /* Products */ = {
			isa = PBXGroup;
			children = (
				CCB1B75B1BE7946100F3334C /* QYCar */,
			);
			name = Products;
			sourceTree = "<group>";
		};
		CCB1B75D1BE7946100F3334C /* QYCar */ = {
			isa = PBXGroup;
			children = (
				CCB1B75E1BE7946100F3334C /* main.m */,
				CCB1B7651BE7947400F3334C /* QYCar.h */,
				CCB1B7661BE7947400F3334C /* QYCar.m */,
			);
			path = QYCar;
			sourceTree = "<group>";
		};
/* End PBXGroup section */

/* Begin PBXNativeTarget section */
		CCB1B75A1BE7946100F3334C /* QYCar */ = {
			isa = PBXNativeTarget;
			buildConfigurationList = CCB1B7621BE7946100F3334C /* Build configuration list for PBXNativeTarget "QYCar" */;
			buildPhases = (
				CCB1B7571BE7946100F3334C /* Sources */,
				CCB1B7581BE7946100F3334C /* Frameworks */,
				CCB1B7591BE7946100F3334C /* CopyFiles */,
			);
			buildRules = (
			);
			dependencies = (
			);
			name = QYCar;
			productName = QYCar;
			productReference = CCB1B75B1BE7946100F3334C /* QYCar */;
			productType = "com.apple.product-type.tool";
		};
/* End PBXNativeTarget section */

/* Begin PBXProject section */
		CCB1B7531BE7946100F3334C /* Project object */ = {
			isa = PBXProject;
			attributes = {
				LastUpgradeCheck = 0700;
				ORGANIZATIONNAME = qingyun;
				TargetAttributes = {
					CCB1B75A1BE7946100F3334C = {
						CreatedOnToolsVersion = 7.0.1;
					};
				};
			};
			buildConfigurationList = CCB1B7561BE7946100F3334C /* Build configuration list for PBXProject "QYCar" */;
			compatibilityVersion = "Xcode 3.2";
			developmentRegion = English;
			hasScannedForEncodings = 0;
			knownRegions = (
				en,
			);
			mainGroup = CCB1B7521BE7946100F3334C;
			productRefGroup = CCB1B75C1BE7946100F3334C /* Products */;
			projectDirPath = "";
			projectRoot = "";
			targets = (
				CCB1B75A1BE7946100F3334C /* QYCar */,
			);
		};
/* End PBXProject section */

/* Begin PBXSourcesBuildPhase section */
		CCB1B7571BE7946100F3334C /* Sources */ = {
			isa = PBXSourcesBuildPhase;
			buildActionMask = 2147483647;
			files = (
				CCB1B7671BE7947400F3334C /* QYCar.m in Sources */,
				CCB1B75F1BE7946100F3334C /* main.m in Sources */,
			);
			runOnlyForDeploymentPostprocessing = 0;
		};
/* End PBXSourcesBuildPhase section */

/* Begin XCBuildConfiguration section */
		CCB1B7601BE7946100F3334C /* Debug */ = {
			isa = XCBuildConfiguration;
			buildSettings = {
				ALWAYS_SEARCH_USER_PATHS = NO;
				CLANG_CXX_LANGUAGE_STANDARD = "gnu++0x";
				CLANG_CXX_LIBRARY = "libc++";
				CLANG_ENABLE_MODULES = YES;
				CLANG_ENABLE_OBJC_ARC = YES;
				CLANG_WARN_BOOL_CONVERSION = YES;
				CLANG_WARN_CONSTANT_CONVERSION = YES;
				CLANG_WARN_DIRECT_OBJC_ISA_USAGE = YES_ERROR;
				CLANG_WARN_EMPTY_BODY = YES;
				CLANG_WARN_ENUM_CONVERSION = YES;
				CLANG_WARN_INT_CONVERSION = YES;
				CLANG_WARN_OBJC_ROOT_CLASS = YES_ERROR;
				CLANG_WARN_UNREACHABLE_CODE = YES;
				CLANG_WARN__DUPLICATE_METHOD_MATCH = YES;
				COPY_PHASE_STRIP = NO;
				DEBUG_INFORMATION_FORMAT = dwarf;
				ENABLE_STRICT_OBJC_MSGSEND = YES;
				ENABLE_TESTABILITY = YES;
				GCC_C_LANGUAGE_STANDARD = gnu99;
				GCC_DYNAMIC_NO_PIC = NO;
				GCC_NO_COMMON_BLOCKS = YES;
				GCC_OPTIMIZATION_LEVEL = 0;
				GCC_PREPROCESSOR_DEFINITIONS = (
					"DEBUG=1",
					"$(inherited)",
				);
				GCC_WARN_64_TO_32_BIT_CONVERSION = YES;
				GCC_WARN_ABOUT_RETURN_TYPE = YES_ERROR;
				GCC_WARN_UNDECLARED_SELECTOR = YES;
				GCC_WARN_UNINITIALIZED_AUTOS = YES_AGGRESSIVE;
				GCC_WARN_UNUSED_FUNCTION = YES;
				GCC_WARN_UNUSED_VARIABLE = YES;
				MACOSX_DEPLOYMENT_TARGET = 10.10;
				MTL_ENABLE_DEBUG_INFO = YES;
				ONLY_ACTIVE_ARCH = YES;
				SDKROOT = macosx;
			};
			name = Debug;
		};
		CCB1B7611BE7946100F3334C /* Release */ = {
			isa = XCBuildConfiguration;
			buildSettings = {
				ALWAYS_SEARCH_USER_PATHS = NO;
				CLANG_CXX_LANGUAGE_STANDARD = "gnu++0x";
				CLANG_CXX_LIBRARY = "libc++";
				CLANG_ENABLE_MODULES = YES;
				CLANG_ENABLE_OBJC_ARC = YES;
				CLANG_WARN_BOOL_CONVERSION = YES;
				CLANG_WARN_CONSTANT_CONVERSION = YES;
				CLANG_WARN_DIRECT_OBJC_ISA_USAGE = YES_ERROR;
				CLANG_WARN_EMPTY_BODY = YES;
				CLANG_WARN_ENUM_CONVERSION = YES;
				CLANG_WARN_INT_CONVERSION = YES;
				CLANG_WARN_OBJC_ROOT_CLASS = YES_ERROR;
				CLANG_WARN_UNREACHABLE_CODE = YES;
				CLANG_WARN__DUPLICATE_METHOD_MATCH = YES;
				COPY_PHASE_STRIP = NO;
				DEBUG_INFORMATION_FORMAT = "dwarf-with-dsym";
				ENABLE_NS_ASSERTIONS = NO;
				ENABLE_STRICT_OBJC_MSGSEND = YES;
				GCC_C_LANGUAGE_STANDARD = gnu99;
				GCC_NO_COMMON_BLOCKS = YES;
				GCC_WARN_64_TO_32_BIT_CONVERSION = YES;
				GCC_WARN_ABOUT_RETURN_TYPE = YES_ERROR;
				GCC_WARN_UNDECLARED_SELECTOR = YES;
				GCC_WARN_UNINITIALIZED_AUTOS = YES_AGGRESSIVE;
				GCC_WARN_UNUSED_FUNCTION = YES;
				GCC_WARN_UNUSED_VARIABLE = YES;
				MACOSX_DEPLOYMENT_TARGET = 10.10;
				MTL_ENABLE_DEBUG_INFO = NO;
				SDKROOT = macosx;
			};
			name = Release;
		};
		CCB1B7631BE7946100F3334C /* Debug */ = {
			isa = XCBuildConfiguration;
			buildSettings = {
				PRODUCT_NAME = "$(TARGET_NAME)";
			};
			name = Debug;
		};
		CCB1B7641BE7946100F3334C /* Release */ = {
			isa = XCBuildConfiguration;
			buildSettings = {
				PRODUCT_NAME = "$(TARGET_NAME)";
			};
			name = Release;
		};
/* End XCBuildConfiguration section */

/* Begin XCConfigurationList section */
		CCB1B7561BE7946100F3334C /* Build configuration list for PBXProject "QYCar" */ = {
			isa = XCConfigurationList;
			buildConfigurations = (
				CCB1B7601BE7946100F3334C /* Debug */,
				CCB1B7611BE7946100F3334C /* Release */,
			);
			defaultConfigurationIsVisible = 0;
			defaultConfigurationName = Release;
		};
		CCB1B7621BE7946100F3334C /* Build configuration list for PBXNativeTarget "QYCar" */ = {
			isa = XCConfigurationList;
			buildConfigurations = (
				CCB1B7631BE7946100F3334C /* Debug */,
				CCB1B7641BE7946100F3334C /* Release */,
			);
			defaultConfigurationIsVisible = 0;
		};
/* End XCConfigurationList section */
	};
	rootObject = CCB1B7531BE7946100F3334C /* Project object */;
}
