// !$*UTF8*$!
{
	archiveVersion = 1;
	classes = {
	};
	objectVersion = 46;
	objects = {

/* Begin PBXBuildFile section */
		CCB5DF931BE1ABC600A295DA /* main.m in Sources */ = {isa = PBXBuildFile; fileRef = CCB5DF921BE1ABC600A295DA /* main.m */; };
		CCB5DF9E1BE1AC0000A295DA /* TestClass.m in Sources */ = {isa = PBXBuildFile; fileRef = CCB5DF9D1BE1AC0000A295DA /* TestClass.m */; settings = {ASSET_TAGS = (); }; };
/* End PBXBuildFile section */

/* Begin PBXCopyFilesBuildPhase section */
		CCB5DF8D1BE1ABC600A295DA /* CopyFiles */ = {
			isa = PBXCopyFilesBuildPhase;
			buildActionMask = 2147483647;
			dstPath = /usr/share/man/man1/;
			dstSubfolderSpec = 0;
			files = (
			);
			runOnlyForDeploymentPostprocessing = 1;
		};
/* End PBXCopyFilesBuildPhase section */

/* Begin PBXFileReference section */
		CCB5DF8F1BE1ABC600A295DA /* SingleObj */ = {isa = PBXFileReference; explicitFileType = "compiled.mach-o.executable"; includeInIndex = 0; path = SingleObj; sourceTree = BUILT_PRODUCTS_DIR; };
		CCB5DF921BE1ABC600A295DA /* main.m */ = {isa = PBXFileReference; lastKnownFileType = sourcecode.c.objc; path = main.m; sourceTree = "<group>"; };
		CCB5DF9C1BE1AC0000A295DA /* TestClass.h */ = {isa = PBXFileReference; fileEncoding = 4; lastKnownFileType = sourcecode.c.h; path = TestClass.h; sourceTree = "<group>"; };
		CCB5DF9D1BE1AC0000A295DA /* TestClass.m */ = {isa = PBXFileReference; fileEncoding = 4; lastKnownFileType = sourcecode.c.objc; path = TestClass.m; sourceTree = "<group>"; };
/* End PBXFileReference section */

/* Begin PBXFrameworksBuildPhase section */
		CCB5DF8C1BE1ABC600A295DA /* Frameworks */ = {
			isa = PBXFrameworksBuildPhase;
			buildActionMask = 2147483647;
			files = (
			);
			runOnlyForDeploymentPostprocessing = 0;
		};
/* End PBXFrameworksBuildPhase section */

/* Begin PBXGroup section */
		CCB5DF861BE1ABC600A295DA = {
			isa = PBXGroup;
			children = (
				CCB5DF911BE1ABC600A295DA /* SingleObj */,
				CCB5DF901BE1ABC600A295DA /* Products */,
			);
			sourceTree = "<group>";
		};
		CCB5DF901BE1ABC600A295DA /* Products */ = {
			isa = PBXGroup;
			children = (
				CCB5DF8F1BE1ABC600A295DA /* SingleObj */,
			);
			name = Products;
			sourceTree = "<group>";
		};
		CCB5DF911BE1ABC600A295DA /* SingleObj */ = {
			isa = PBXGroup;
			children = (
				CCB5DF921BE1ABC600A295DA /* main.m */,
				CCB5DF9C1BE1AC0000A295DA /* TestClass.h */,
				CCB5DF9D1BE1AC0000A295DA /* TestClass.m */,
			);
			path = SingleObj;
			sourceTree = "<group>";
		};
/* End PBXGroup section */

/* Begin PBXNativeTarget section */
		CCB5DF8E1BE1ABC600A295DA /* SingleObj */ = {
			isa = PBXNativeTarget;
			buildConfigurationList = CCB5DF961BE1ABC600A295DA /* Build configuration list for PBXNativeTarget "SingleObj" */;
			buildPhases = (
				CCB5DF8B1BE1ABC600A295DA /* Sources */,
				CCB5DF8C1BE1ABC600A295DA /* Frameworks */,
				CCB5DF8D1BE1ABC600A295DA /* CopyFiles */,
			);
			buildRules = (
			);
			dependencies = (
			);
			name = SingleObj;
			productName = SingleObj;
			productReference = CCB5DF8F1BE1ABC600A295DA /* SingleObj */;
			productType = "com.apple.product-type.tool";
		};
/* End PBXNativeTarget section */

/* Begin PBXProject section */
		CCB5DF871BE1ABC600A295DA /* Project object */ = {
			isa = PBXProject;
			attributes = {
				LastUpgradeCheck = 0700;
				ORGANIZATIONNAME = qingyun;
				TargetAttributes = {
					CCB5DF8E1BE1ABC600A295DA = {
						CreatedOnToolsVersion = 7.0.1;
					};
				};
			};
			buildConfigurationList = CCB5DF8A1BE1ABC600A295DA /* Build configuration list for PBXProject "SingleObj" */;
			compatibilityVersion = "Xcode 3.2";
			developmentRegion = English;
			hasScannedForEncodings = 0;
			knownRegions = (
				en,
			);
			mainGroup = CCB5DF861BE1ABC600A295DA;
			productRefGroup = CCB5DF901BE1ABC600A295DA /* Products */;
			projectDirPath = "";
			projectRoot = "";
			targets = (
				CCB5DF8E1BE1ABC600A295DA /* SingleObj */,
			);
		};
/* End PBXProject section */

/* Begin PBXSourcesBuildPhase section */
		CCB5DF8B1BE1ABC600A295DA /* Sources */ = {
			isa = PBXSourcesBuildPhase;
			buildActionMask = 2147483647;
			files = (
				CCB5DF9E1BE1AC0000A295DA /* TestClass.m in Sources */,
				CCB5DF931BE1ABC600A295DA /* main.m in Sources */,
			);
			runOnlyForDeploymentPostprocessing = 0;
		};
/* End PBXSourcesBuildPhase section */

/* Begin XCBuildConfiguration section */
		CCB5DF941BE1ABC600A295DA /* Debug */ = {
			isa = XCBuildConfiguration;
			buildSettings = {
				ALWAYS_SEARCH_USER_PATHS = NO;
				CLANG_CXX_LANGUAGE_STANDARD = "gnu++0x";
				CLANG_CXX_LIBRARY = "libc++";
				CLANG_ENABLE_MODULES = YES;
				CLANG_ENABLE_OBJC_ARC = YES;
				CLANG_WARN_BOOL_CONVERSION = YES;
				CLANG_WARN_CONSTANT_CONVERSION = YES;
				CLANG_WARN_DIRECT_OBJC_ISA_USAGE = YES_ERROR;
				CLANG_WARN_EMPTY_BODY = YES;
				CLANG_WARN_ENUM_CONVERSION = YES;
				CLANG_WARN_INT_CONVERSION = YES;
				CLANG_WARN_OBJC_ROOT_CLASS = YES_ERROR;
				CLANG_WARN_UNREACHABLE_CODE = YES;
				CLANG_WARN__DUPLICATE_METHOD_MATCH = YES;
				COPY_PHASE_STRIP = NO;
				DEBUG_INFORMATION_FORMAT = dwarf;
				ENABLE_STRICT_OBJC_MSGSEND = YES;
				ENABLE_TESTABILITY = YES;
				GCC_C_LANGUAGE_STANDARD = gnu99;
				GCC_DYNAMIC_NO_PIC = NO;
				GCC_NO_COMMON_BLOCKS = YES;
				GCC_OPTIMIZATION_LEVEL = 0;
				GCC_PREPROCESSOR_DEFINITIONS = (
					"DEBUG=1",
					"$(inherited)",
				);
				GCC_WARN_64_TO_32_BIT_CONVERSION = YES;
				GCC_WARN_ABOUT_RETURN_TYPE = YES_ERROR;
				GCC_WARN_UNDECLARED_SELECTOR = YES;
				GCC_WARN_UNINITIALIZED_AUTOS = YES_AGGRESSIVE;
				GCC_WARN_UNUSED_FUNCTION = YES;
				GCC_WARN_UNUSED_VARIABLE = YES;
				MACOSX_DEPLOYMENT_TARGET = 10.10;
				MTL_ENABLE_DEBUG_INFO = YES;
				ONLY_ACTIVE_ARCH = YES;
				SDKROOT = macosx;
			};
			name = Debug;
		};
		CCB5DF951BE1ABC600A295DA /* Release */ = {
			isa = XCBuildConfiguration;
			buildSettings = {
				ALWAYS_SEARCH_USER_PATHS = NO;
				CLANG_CXX_LANGUAGE_STANDARD = "gnu++0x";
				CLANG_CXX_LIBRARY = "libc++";
				CLANG_ENABLE_MODULES = YES;
				CLANG_ENABLE_OBJC_ARC = YES;
				CLANG_WARN_BOOL_CONVERSION = YES;
				CLANG_WARN_CONSTANT_CONVERSION = YES;
				CLANG_WARN_DIRECT_OBJC_ISA_USAGE = YES_ERROR;
				CLANG_WARN_EMPTY_BODY = YES;
				CLANG_WARN_ENUM_CONVERSION = YES;
				CLANG_WARN_INT_CONVERSION = YES;
				CLANG_WARN_OBJC_ROOT_CLASS = YES_ERROR;
				CLANG_WARN_UNREACHABLE_CODE = YES;
				CLANG_WARN__DUPLICATE_METHOD_MATCH = YES;
				COPY_PHASE_STRIP = NO;
				DEBUG_INFORMATION_FORMAT = "dwarf-with-dsym";
				ENABLE_NS_ASSERTIONS = NO;
				ENABLE_STRICT_OBJC_MSGSEND = YES;
				GCC_C_LANGUAGE_STANDARD = gnu99;
				GCC_NO_COMMON_BLOCKS = YES;
				GCC_WARN_64_TO_32_BIT_CONVERSION = YES;
				GCC_WARN_ABOUT_RETURN_TYPE = YES_ERROR;
				GCC_WARN_UNDECLARED_SELECTOR = YES;
				GCC_WARN_UNINITIALIZED_AUTOS = YES_AGGRESSIVE;
				GCC_WARN_UNUSED_FUNCTION = YES;
				GCC_WARN_UNUSED_VARIABLE = YES;
				MACOSX_DEPLOYMENT_TARGET = 10.10;
				MTL_ENABLE_DEBUG_INFO = NO;
				SDKROOT = macosx;
			};
			name = Release;
		};
		CCB5DF971BE1ABC600A295DA /* Debug */ = {
			isa = XCBuildConfiguration;
			buildSettings = {
				PRODUCT_NAME = "$(TARGET_NAME)";
			};
			name = Debug;
		};
		CCB5DF981BE1ABC600A295DA /* Release */ = {
			isa = XCBuildConfiguration;
			buildSettings = {
				PRODUCT_NAME = "$(TARGET_NAME)";
			};
			name = Release;
		};
/* End XCBuildConfiguration section */

/* Begin XCConfigurationList section */
		CCB5DF8A1BE1ABC600A295DA /* Build configuration list for PBXProject "SingleObj" */ = {
			isa = XCConfigurationList;
			buildConfigurations = (
				CCB5DF941BE1ABC600A295DA /* Debug */,
				CCB5DF951BE1ABC600A295DA /* Release */,
			);
			defaultConfigurationIsVisible = 0;
			defaultConfigurationName = Release;
		};
		CCB5DF961BE1ABC600A295DA /* Build configuration list for PBXNativeTarget "SingleObj" */ = {
			isa = XCConfigurationList;
			buildConfigurations = (
				CCB5DF971BE1ABC600A295DA /* Debug */,
				CCB5DF981BE1ABC600A295DA /* Release */,
			);
			defaultConfigurationIsVisible = 0;
		};
/* End XCConfigurationList section */
	};
	rootObject = CCB5DF871BE1ABC600A295DA /* Project object */;
}
