// !$*UTF8*$!
{
	archiveVersion = 1;
	classes = {
	};
	objectVersion = 46;
	objects = {

/* Begin PBXBuildFile section */
		CC4571E21BE756CF0032F613 /* main.m in Sources */ = {isa = PBXBuildFile; fileRef = CC4571E11BE756CF0032F613 /* main.m */; };
		CC4571EA1BE756FE0032F613 /* QYPrince.m in Sources */ = {isa = PBXBuildFile; fileRef = CC4571E91BE756FE0032F613 /* QYPrince.m */; };
		CC4571ED1BE757290032F613 /* QYPrincess.m in Sources */ = {isa = PBXBuildFile; fileRef = CC4571EC1BE757290032F613 /* QYPrincess.m */; };
		CC4571F01BE75FCF0032F613 /* NSObject+wakeUp.m in Sources */ = {isa = PBXBuildFile; fileRef = CC4571EF1BE75FCF0032F613 /* NSObject+wakeUp.m */; };
		CC80B60D1BED924F00AE579A /* QYWitch.m in Sources */ = {isa = PBXBuildFile; fileRef = CC80B60C1BED924F00AE579A /* QYWitch.m */; };
/* End PBXBuildFile section */

/* Begin PBXCopyFilesBuildPhase section */
		CC4571DC1BE756CF0032F613 /* CopyFiles */ = {
			isa = PBXCopyFilesBuildPhase;
			buildActionMask = 2147483647;
			dstPath = /usr/share/man/man1/;
			dstSubfolderSpec = 0;
			files = (
			);
			runOnlyForDeploymentPostprocessing = 1;
		};
/* End PBXCopyFilesBuildPhase section */

/* Begin PBXFileReference section */
		CC4571DE1BE756CF0032F613 /* DelegateDemo */ = {isa = PBXFileReference; explicitFileType = "compiled.mach-o.executable"; includeInIndex = 0; path = DelegateDemo; sourceTree = BUILT_PRODUCTS_DIR; };
		CC4571E11BE756CF0032F613 /* main.m */ = {isa = PBXFileReference; lastKnownFileType = sourcecode.c.objc; path = main.m; sourceTree = "<group>"; };
		CC4571E81BE756FE0032F613 /* QYPrince.h */ = {isa = PBXFileReference; fileEncoding = 4; lastKnownFileType = sourcecode.c.h; path = QYPrince.h; sourceTree = "<group>"; };
		CC4571E91BE756FE0032F613 /* QYPrince.m */ = {isa = PBXFileReference; fileEncoding = 4; lastKnownFileType = sourcecode.c.objc; path = QYPrince.m; sourceTree = "<group>"; };
		CC4571EB1BE757290032F613 /* QYPrincess.h */ = {isa = PBXFileReference; fileEncoding = 4; lastKnownFileType = sourcecode.c.h; path = QYPrincess.h; sourceTree = "<group>"; };
		CC4571EC1BE757290032F613 /* QYPrincess.m */ = {isa = PBXFileReference; fileEncoding = 4; lastKnownFileType = sourcecode.c.objc; path = QYPrincess.m; sourceTree = "<group>"; };
		CC4571EE1BE75FCF0032F613 /* NSObject+wakeUp.h */ = {isa = PBXFileReference; fileEncoding = 4; lastKnownFileType = sourcecode.c.h; path = "NSObject+wakeUp.h"; sourceTree = "<group>"; };
		CC4571EF1BE75FCF0032F613 /* NSObject+wakeUp.m */ = {isa = PBXFileReference; fileEncoding = 4; lastKnownFileType = sourcecode.c.objc; path = "NSObject+wakeUp.m"; sourceTree = "<group>"; };
		CC80B60B1BED924F00AE579A /* QYWitch.h */ = {isa = PBXFileReference; fileEncoding = 4; lastKnownFileType = sourcecode.c.h; path = QYWitch.h; sourceTree = "<group>"; };
		CC80B60C1BED924F00AE579A /* QYWitch.m */ = {isa = PBXFileReference; fileEncoding = 4; lastKnownFileType = sourcecode.c.objc; path = QYWitch.m; sourceTree = "<group>"; };
/* End PBXFileReference section */

/* Begin PBXFrameworksBuildPhase section */
		CC4571DB1BE756CF0032F613 /* Frameworks */ = {
			isa = PBXFrameworksBuildPhase;
			buildActionMask = 2147483647;
			files = (
			);
			runOnlyForDeploymentPostprocessing = 0;
		};
/* End PBXFrameworksBuildPhase section */

/* Begin PBXGroup section */
		CC4571D51BE756CE0032F613 = {
			isa = PBXGroup;
			children = (
				CC4571E01BE756CF0032F613 /* DelegateDemo */,
				CC4571DF1BE756CF0032F613 /* Products */,
			);
			sourceTree = "<group>";
		};
		CC4571DF1BE756CF0032F613 /* Products */ = {
			isa = PBXGroup;
			children = (
				CC4571DE1BE756CF0032F613 /* DelegateDemo */,
			);
			name = Products;
			sourceTree = "<group>";
		};
		CC4571E01BE756CF0032F613 /* DelegateDemo */ = {
			isa = PBXGroup;
			children = (
				CC80B60B1BED924F00AE579A /* QYWitch.h */,
				CC80B60C1BED924F00AE579A /* QYWitch.m */,
				CC4571E11BE756CF0032F613 /* main.m */,
				CC4571EE1BE75FCF0032F613 /* NSObject+wakeUp.h */,
				CC4571EF1BE75FCF0032F613 /* NSObject+wakeUp.m */,
				CC4571EB1BE757290032F613 /* QYPrincess.h */,
				CC4571EC1BE757290032F613 /* QYPrincess.m */,
				CC4571E91BE756FE0032F613 /* QYPrince.m */,
				CC4571E81BE756FE0032F613 /* QYPrince.h */,
			);
			path = DelegateDemo;
			sourceTree = "<group>";
		};
/* End PBXGroup section */

/* Begin PBXNativeTarget section */
		CC4571DD1BE756CF0032F613 /* DelegateDemo */ = {
			isa = PBXNativeTarget;
			buildConfigurationList = CC4571E51BE756CF0032F613 /* Build configuration list for PBXNativeTarget "DelegateDemo" */;
			buildPhases = (
				CC4571DA1BE756CF0032F613 /* Sources */,
				CC4571DB1BE756CF0032F613 /* Frameworks */,
				CC4571DC1BE756CF0032F613 /* CopyFiles */,
			);
			buildRules = (
			);
			dependencies = (
			);
			name = DelegateDemo;
			productName = DelegateDemo;
			productReference = CC4571DE1BE756CF0032F613 /* DelegateDemo */;
			productType = "com.apple.product-type.tool";
		};
/* End PBXNativeTarget section */

/* Begin PBXProject section */
		CC4571D61BE756CE0032F613 /* Project object */ = {
			isa = PBXProject;
			attributes = {
				LastUpgradeCheck = 0630;
				ORGANIZATIONNAME = qingyun;
				TargetAttributes = {
					CC4571DD1BE756CF0032F613 = {
						CreatedOnToolsVersion = 6.3;
					};
				};
			};
			buildConfigurationList = CC4571D91BE756CE0032F613 /* Build configuration list for PBXProject "DelegateDemo" */;
			compatibilityVersion = "Xcode 3.2";
			developmentRegion = English;
			hasScannedForEncodings = 0;
			knownRegions = (
				en,
			);
			mainGroup = CC4571D51BE756CE0032F613;
			productRefGroup = CC4571DF1BE756CF0032F613 /* Products */;
			projectDirPath = "";
			projectRoot = "";
			targets = (
				CC4571DD1BE756CF0032F613 /* DelegateDemo */,
			);
		};
/* End PBXProject section */

/* Begin PBXSourcesBuildPhase section */
		CC4571DA1BE756CF0032F613 /* Sources */ = {
			isa = PBXSourcesBuildPhase;
			buildActionMask = 2147483647;
			files = (
				CC4571F01BE75FCF0032F613 /* NSObject+wakeUp.m in Sources */,
				CC80B60D1BED924F00AE579A /* QYWitch.m in Sources */,
				CC4571EA1BE756FE0032F613 /* QYPrince.m in Sources */,
				CC4571E21BE756CF0032F613 /* main.m in Sources */,
				CC4571ED1BE757290032F613 /* QYPrincess.m in Sources */,
			);
			runOnlyForDeploymentPostprocessing = 0;
		};
/* End PBXSourcesBuildPhase section */

/* Begin XCBuildConfiguration section */
		CC4571E31BE756CF0032F613 /* Debug */ = {
			isa = XCBuildConfiguration;
			buildSettings = {
				ALWAYS_SEARCH_USER_PATHS = NO;
				CLANG_CXX_LANGUAGE_STANDARD = "gnu++0x";
				CLANG_CXX_LIBRARY = "libc++";
				CLANG_ENABLE_MODULES = YES;
				CLANG_ENABLE_OBJC_ARC = YES;
				CLANG_WARN_BOOL_CONVERSION = YES;
				CLANG_WARN_CONSTANT_CONVERSION = YES;
				CLANG_WARN_DIRECT_OBJC_ISA_USAGE = YES_ERROR;
				CLANG_WARN_EMPTY_BODY = YES;
				CLANG_WARN_ENUM_CONVERSION = YES;
				CLANG_WARN_INT_CONVERSION = YES;
				CLANG_WARN_OBJC_ROOT_CLASS = YES_ERROR;
				CLANG_WARN_UNREACHABLE_CODE = YES;
				CLANG_WARN__DUPLICATE_METHOD_MATCH = YES;
				COPY_PHASE_STRIP = NO;
				DEBUG_INFORMATION_FORMAT = dwarf;
				ENABLE_STRICT_OBJC_MSGSEND = YES;
				GCC_C_LANGUAGE_STANDARD = gnu99;
				GCC_DYNAMIC_NO_PIC = NO;
				GCC_NO_COMMON_BLOCKS = YES;
				GCC_OPTIMIZATION_LEVEL = 0;
				GCC_PREPROCESSOR_DEFINITIONS = (
					"DEBUG=1",
					"$(inherited)",
				);
				GCC_SYMBOLS_PRIVATE_EXTERN = NO;
				GCC_WARN_64_TO_32_BIT_CONVERSION = YES;
				GCC_WARN_ABOUT_RETURN_TYPE = YES_ERROR;
				GCC_WARN_UNDECLARED_SELECTOR = YES;
				GCC_WARN_UNINITIALIZED_AUTOS = YES_AGGRESSIVE;
				GCC_WARN_UNUSED_FUNCTION = YES;
				GCC_WARN_UNUSED_VARIABLE = YES;
				MACOSX_DEPLOYMENT_TARGET = 10.10;
				MTL_ENABLE_DEBUG_INFO = YES;
				ONLY_ACTIVE_ARCH = YES;
				SDKROOT = macosx;
			};
			name = Debug;
		};
		CC4571E41BE756CF0032F613 /* Release */ = {
			isa = XCBuildConfiguration;
			buildSettings = {
				ALWAYS_SEARCH_USER_PATHS = NO;
				CLANG_CXX_LANGUAGE_STANDARD = "gnu++0x";
				CLANG_CXX_LIBRARY = "libc++";
				CLANG_ENABLE_MODULES = YES;
				CLANG_ENABLE_OBJC_ARC = YES;
				CLANG_WARN_BOOL_CONVERSION = YES;
				CLANG_WARN_CONSTANT_CONVERSION = YES;
				CLANG_WARN_DIRECT_OBJC_ISA_USAGE = YES_ERROR;
				CLANG_WARN_EMPTY_BODY = YES;
				CLANG_WARN_ENUM_CONVERSION = YES;
				CLANG_WARN_INT_CONVERSION = YES;
				CLANG_WARN_OBJC_ROOT_CLASS = YES_ERROR;
				CLANG_WARN_UNREACHABLE_CODE = YES;
				CLANG_WARN__DUPLICATE_METHOD_MATCH = YES;
				COPY_PHASE_STRIP = NO;
				DEBUG_INFORMATION_FORMAT = "dwarf-with-dsym";
				ENABLE_NS_ASSERTIONS = NO;
				ENABLE_STRICT_OBJC_MSGSEND = YES;
				GCC_C_LANGUAGE_STANDARD = gnu99;
				GCC_NO_COMMON_BLOCKS = YES;
				GCC_WARN_64_TO_32_BIT_CONVERSION = YES;
				GCC_WARN_ABOUT_RETURN_TYPE = YES_ERROR;
				GCC_WARN_UNDECLARED_SELECTOR = YES;
				GCC_WARN_UNINITIALIZED_AUTOS = YES_AGGRESSIVE;
				GCC_WARN_UNUSED_FUNCTION = YES;
				GCC_WARN_UNUSED_VARIABLE = YES;
				MACOSX_DEPLOYMENT_TARGET = 10.10;
				MTL_ENABLE_DEBUG_INFO = NO;
				SDKROOT = macosx;
			};
			name = Release;
		};
		CC4571E61BE756CF0032F613 /* Debug */ = {
			isa = XCBuildConfiguration;
			buildSettings = {
				PRODUCT_NAME = "$(TARGET_NAME)";
			};
			name = Debug;
		};
		CC4571E71BE756CF0032F613 /* Release */ = {
			isa = XCBuildConfiguration;
			buildSettings = {
				PRODUCT_NAME = "$(TARGET_NAME)";
			};
			name = Release;
		};
/* End XCBuildConfiguration section */

/* Begin XCConfigurationList section */
		CC4571D91BE756CE0032F613 /* Build configuration list for PBXProject "DelegateDemo" */ = {
			isa = XCConfigurationList;
			buildConfigurations = (
				CC4571E31BE756CF0032F613 /* Debug */,
				CC4571E41BE756CF0032F613 /* Release */,
			);
			defaultConfigurationIsVisible = 0;
			defaultConfigurationName = Release;
		};
		CC4571E51BE756CF0032F613 /* Build configuration list for PBXNativeTarget "DelegateDemo" */ = {
			isa = XCConfigurationList;
			buildConfigurations = (
				CC4571E61BE756CF0032F613 /* Debug */,
				CC4571E71BE756CF0032F613 /* Release */,
			);
			defaultConfigurationIsVisible = 0;
			defaultConfigurationName = Release;
		};
/* End XCConfigurationList section */
	};
	rootObject = CC4571D61BE756CE0032F613 /* Project object */;
}
