// !$*UTF8*$!
{
	archiveVersion = 1;
	classes = {
	};
	objectVersion = 46;
	objects = {

/* Begin PBXBuildFile section */
		CC2DF4761BEDFF6C0009509F /* main.m in Sources */ = {isa = PBXBuildFile; fileRef = CC2DF4751BEDFF6C0009509F /* main.m */; };
		CC2DF47E1BEE00010009509F /* NSString+NumberOfStr.m in Sources */ = {isa = PBXBuildFile; fileRef = CC2DF47D1BEE00010009509F /* NSString+NumberOfStr.m */; settings = {ASSET_TAGS = (); }; };
/* End PBXBuildFile section */

/* Begin PBXCopyFilesBuildPhase section */
		CC2DF4701BEDFF6C0009509F /* CopyFiles */ = {
			isa = PBXCopyFilesBuildPhase;
			buildActionMask = 2147483647;
			dstPath = /usr/share/man/man1/;
			dstSubfolderSpec = 0;
			files = (
			);
			runOnlyForDeploymentPostprocessing = 1;
		};
/* End PBXCopyFilesBuildPhase section */

/* Begin PBXFileReference section */
		CC2DF4721BEDFF6C0009509F /* NumberOfString */ = {isa = PBXFileReference; explicitFileType = "compiled.mach-o.executable"; includeInIndex = 0; path = NumberOfString; sourceTree = BUILT_PRODUCTS_DIR; };
		CC2DF4751BEDFF6C0009509F /* main.m */ = {isa = PBXFileReference; lastKnownFileType = sourcecode.c.objc; path = main.m; sourceTree = "<group>"; };
		CC2DF47C1BEE00010009509F /* NSString+NumberOfStr.h */ = {isa = PBXFileReference; fileEncoding = 4; lastKnownFileType = sourcecode.c.h; path = "NSString+NumberOfStr.h"; sourceTree = "<group>"; };
		CC2DF47D1BEE00010009509F /* NSString+NumberOfStr.m */ = {isa = PBXFileReference; fileEncoding = 4; lastKnownFileType = sourcecode.c.objc; path = "NSString+NumberOfStr.m"; sourceTree = "<group>"; };
/* End PBXFileReference section */

/* Begin PBXFrameworksBuildPhase section */
		CC2DF46F1BEDFF6C0009509F /* Frameworks */ = {
			isa = PBXFrameworksBuildPhase;
			buildActionMask = 2147483647;
			files = (
			);
			runOnlyForDeploymentPostprocessing = 0;
		};
/* End PBXFrameworksBuildPhase section */

/* Begin PBXGroup section */
		CC2DF4691BEDFF6C0009509F = {
			isa = PBXGroup;
			children = (
				CC2DF4741BEDFF6C0009509F /* NumberOfString */,
				CC2DF4731BEDFF6C0009509F /* Products */,
			);
			sourceTree = "<group>";
		};
		CC2DF4731BEDFF6C0009509F /* Products */ = {
			isa = PBXGroup;
			children = (
				CC2DF4721BEDFF6C0009509F /* NumberOfString */,
			);
			name = Products;
			sourceTree = "<group>";
		};
		CC2DF4741BEDFF6C0009509F /* NumberOfString */ = {
			isa = PBXGroup;
			children = (
				CC2DF4751BEDFF6C0009509F /* main.m */,
				CC2DF47C1BEE00010009509F /* NSString+NumberOfStr.h */,
				CC2DF47D1BEE00010009509F /* NSString+NumberOfStr.m */,
			);
			path = NumberOfString;
			sourceTree = "<group>";
		};
/* End PBXGroup section */

/* Begin PBXNativeTarget section */
		CC2DF4711BEDFF6C0009509F /* NumberOfString */ = {
			isa = PBXNativeTarget;
			buildConfigurationList = CC2DF4791BEDFF6C0009509F /* Build configuration list for PBXNativeTarget "NumberOfString" */;
			buildPhases = (
				CC2DF46E1BEDFF6C0009509F /* Sources */,
				CC2DF46F1BEDFF6C0009509F /* Frameworks */,
				CC2DF4701BEDFF6C0009509F /* CopyFiles */,
			);
			buildRules = (
			);
			dependencies = (
			);
			name = NumberOfString;
			productName = NumberOfString;
			productReference = CC2DF4721BEDFF6C0009509F /* NumberOfString */;
			productType = "com.apple.product-type.tool";
		};
/* End PBXNativeTarget section */

/* Begin PBXProject section */
		CC2DF46A1BEDFF6C0009509F /* Project object */ = {
			isa = PBXProject;
			attributes = {
				LastUpgradeCheck = 0700;
				ORGANIZATIONNAME = qingyun;
				TargetAttributes = {
					CC2DF4711BEDFF6C0009509F = {
						CreatedOnToolsVersion = 7.0.1;
					};
				};
			};
			buildConfigurationList = CC2DF46D1BEDFF6C0009509F /* Build configuration list for PBXProject "NumberOfString" */;
			compatibilityVersion = "Xcode 3.2";
			developmentRegion = English;
			hasScannedForEncodings = 0;
			knownRegions = (
				en,
			);
			mainGroup = CC2DF4691BEDFF6C0009509F;
			productRefGroup = CC2DF4731BEDFF6C0009509F /* Products */;
			projectDirPath = "";
			projectRoot = "";
			targets = (
				CC2DF4711BEDFF6C0009509F /* NumberOfString */,
			);
		};
/* End PBXProject section */

/* Begin PBXSourcesBuildPhase section */
		CC2DF46E1BEDFF6C0009509F /* Sources */ = {
			isa = PBXSourcesBuildPhase;
			buildActionMask = 2147483647;
			files = (
				CC2DF4761BEDFF6C0009509F /* main.m in Sources */,
				CC2DF47E1BEE00010009509F /* NSString+NumberOfStr.m in Sources */,
			);
			runOnlyForDeploymentPostprocessing = 0;
		};
/* End PBXSourcesBuildPhase section */

/* Begin XCBuildConfiguration section */
		CC2DF4771BEDFF6C0009509F /* Debug */ = {
			isa = XCBuildConfiguration;
			buildSettings = {
				ALWAYS_SEARCH_USER_PATHS = NO;
				CLANG_CXX_LANGUAGE_STANDARD = "gnu++0x";
				CLANG_CXX_LIBRARY = "libc++";
				CLANG_ENABLE_MODULES = YES;
				CLANG_ENABLE_OBJC_ARC = YES;
				CLANG_WARN_BOOL_CONVERSION = YES;
				CLANG_WARN_CONSTANT_CONVERSION = YES;
				CLANG_WARN_DIRECT_OBJC_ISA_USAGE = YES_ERROR;
				CLANG_WARN_EMPTY_BODY = YES;
				CLANG_WARN_ENUM_CONVERSION = YES;
				CLANG_WARN_INT_CONVERSION = YES;
				CLANG_WARN_OBJC_ROOT_CLASS = YES_ERROR;
				CLANG_WARN_UNREACHABLE_CODE = YES;
				CLANG_WARN__DUPLICATE_METHOD_MATCH = YES;
				COPY_PHASE_STRIP = NO;
				DEBUG_INFORMATION_FORMAT = dwarf;
				ENABLE_STRICT_OBJC_MSGSEND = YES;
				ENABLE_TESTABILITY = YES;
				GCC_C_LANGUAGE_STANDARD = gnu99;
				GCC_DYNAMIC_NO_PIC = NO;
				GCC_NO_COMMON_BLOCKS = YES;
				GCC_OPTIMIZATION_LEVEL = 0;
				GCC_PREPROCESSOR_DEFINITIONS = (
					"DEBUG=1",
					"$(inherited)",
				);
				GCC_WARN_64_TO_32_BIT_CONVERSION = YES;
				GCC_WARN_ABOUT_RETURN_TYPE = YES_ERROR;
				GCC_WARN_UNDECLARED_SELECTOR = YES;
				GCC_WARN_UNINITIALIZED_AUTOS = YES_AGGRESSIVE;
				GCC_WARN_UNUSED_FUNCTION = YES;
				GCC_WARN_UNUSED_VARIABLE = YES;
				MACOSX_DEPLOYMENT_TARGET = 10.10;
				MTL_ENABLE_DEBUG_INFO = YES;
				ONLY_ACTIVE_ARCH = YES;
				SDKROOT = macosx;
			};
			name = Debug;
		};
		CC2DF4781BEDFF6C0009509F /* Release */ = {
			isa = XCBuildConfiguration;
			buildSettings = {
				ALWAYS_SEARCH_USER_PATHS = NO;
				CLANG_CXX_LANGUAGE_STANDARD = "gnu++0x";
				CLANG_CXX_LIBRARY = "libc++";
				CLANG_ENABLE_MODULES = YES;
				CLANG_ENABLE_OBJC_ARC = YES;
				CLANG_WARN_BOOL_CONVERSION = YES;
				CLANG_WARN_CONSTANT_CONVERSION = YES;
				CLANG_WARN_DIRECT_OBJC_ISA_USAGE = YES_ERROR;
				CLANG_WARN_EMPTY_BODY = YES;
				CLANG_WARN_ENUM_CONVERSION = YES;
				CLANG_WARN_INT_CONVERSION = YES;
				CLANG_WARN_OBJC_ROOT_CLASS = YES_ERROR;
				CLANG_WARN_UNREACHABLE_CODE = YES;
				CLANG_WARN__DUPLICATE_METHOD_MATCH = YES;
				COPY_PHASE_STRIP = NO;
				DEBUG_INFORMATION_FORMAT = "dwarf-with-dsym";
				ENABLE_NS_ASSERTIONS = NO;
				ENABLE_STRICT_OBJC_MSGSEND = YES;
				GCC_C_LANGUAGE_STANDARD = gnu99;
				GCC_NO_COMMON_BLOCKS = YES;
				GCC_WARN_64_TO_32_BIT_CONVERSION = YES;
				GCC_WARN_ABOUT_RETURN_TYPE = YES_ERROR;
				GCC_WARN_UNDECLARED_SELECTOR = YES;
				GCC_WARN_UNINITIALIZED_AUTOS = YES_AGGRESSIVE;
				GCC_WARN_UNUSED_FUNCTION = YES;
				GCC_WARN_UNUSED_VARIABLE = YES;
				MACOSX_DEPLOYMENT_TARGET = 10.10;
				MTL_ENABLE_DEBUG_INFO = NO;
				SDKROOT = macosx;
			};
			name = Release;
		};
		CC2DF47A1BEDFF6C0009509F /* Debug */ = {
			isa = XCBuildConfiguration;
			buildSettings = {
				PRODUCT_NAME = "$(TARGET_NAME)";
			};
			name = Debug;
		};
		CC2DF47B1BEDFF6C0009509F /* Release */ = {
			isa = XCBuildConfiguration;
			buildSettings = {
				PRODUCT_NAME = "$(TARGET_NAME)";
			};
			name = Release;
		};
/* End XCBuildConfiguration section */

/* Begin XCConfigurationList section */
		CC2DF46D1BEDFF6C0009509F /* Build configuration list for PBXProject "NumberOfString" */ = {
			isa = XCConfigurationList;
			buildConfigurations = (
				CC2DF4771BEDFF6C0009509F /* Debug */,
				CC2DF4781BEDFF6C0009509F /* Release */,
			);
			defaultConfigurationIsVisible = 0;
			defaultConfigurationName = Release;
		};
		CC2DF4791BEDFF6C0009509F /* Build configuration list for PBXNativeTarget "NumberOfString" */ = {
			isa = XCConfigurationList;
			buildConfigurations = (
				CC2DF47A1BEDFF6C0009509F /* Debug */,
				CC2DF47B1BEDFF6C0009509F /* Release */,
			);
			defaultConfigurationIsVisible = 0;
		};
/* End XCConfigurationList section */
	};
	rootObject = CC2DF46A1BEDFF6C0009509F /* Project object */;
}
