// !$*UTF8*$!
{
	archiveVersion = 1;
	classes = {
	};
	objectVersion = 46;
	objects = {

/* Begin PBXBuildFile section */
		CCE9EC0A1BEB3DA6000DAD0D /* main.m in Sources */ = {isa = PBXBuildFile; fileRef = CCE9EC091BEB3DA6000DAD0D /* main.m */; };
		CCE9EC121BEB3DB7000DAD0D /* Car.m in Sources */ = {isa = PBXBuildFile; fileRef = CCE9EC111BEB3DB7000DAD0D /* Car.m */; settings = {ASSET_TAGS = (); }; };
/* End PBXBuildFile section */

/* Begin PBXCopyFilesBuildPhase section */
		CCE9EC041BEB3DA6000DAD0D /* CopyFiles */ = {
			isa = PBXCopyFilesBuildPhase;
			buildActionMask = 2147483647;
			dstPath = /usr/share/man/man1/;
			dstSubfolderSpec = 0;
			files = (
			);
			runOnlyForDeploymentPostprocessing = 1;
		};
/* End PBXCopyFilesBuildPhase section */

/* Begin PBXFileReference section */
		CCE9EC061BEB3DA6000DAD0D /* BlockPractic */ = {isa = PBXFileReference; explicitFileType = "compiled.mach-o.executable"; includeInIndex = 0; path = BlockPractic; sourceTree = BUILT_PRODUCTS_DIR; };
		CCE9EC091BEB3DA6000DAD0D /* main.m */ = {isa = PBXFileReference; lastKnownFileType = sourcecode.c.objc; path = main.m; sourceTree = "<group>"; };
		CCE9EC101BEB3DB7000DAD0D /* Car.h */ = {isa = PBXFileReference; fileEncoding = 4; lastKnownFileType = sourcecode.c.h; path = Car.h; sourceTree = "<group>"; };
		CCE9EC111BEB3DB7000DAD0D /* Car.m */ = {isa = PBXFileReference; fileEncoding = 4; lastKnownFileType = sourcecode.c.objc; path = Car.m; sourceTree = "<group>"; };
/* End PBXFileReference section */

/* Begin PBXFrameworksBuildPhase section */
		CCE9EC031BEB3DA6000DAD0D /* Frameworks */ = {
			isa = PBXFrameworksBuildPhase;
			buildActionMask = 2147483647;
			files = (
			);
			runOnlyForDeploymentPostprocessing = 0;
		};
/* End PBXFrameworksBuildPhase section */

/* Begin PBXGroup section */
		CCE9EBFD1BEB3DA6000DAD0D = {
			isa = PBXGroup;
			children = (
				CCE9EC081BEB3DA6000DAD0D /* BlockPractic */,
				CCE9EC071BEB3DA6000DAD0D /* Products */,
			);
			sourceTree = "<group>";
		};
		CCE9EC071BEB3DA6000DAD0D /* Products */ = {
			isa = PBXGroup;
			children = (
				CCE9EC061BEB3DA6000DAD0D /* BlockPractic */,
			);
			name = Products;
			sourceTree = "<group>";
		};
		CCE9EC081BEB3DA6000DAD0D /* BlockPractic */ = {
			isa = PBXGroup;
			children = (
				CCE9EC091BEB3DA6000DAD0D /* main.m */,
				CCE9EC101BEB3DB7000DAD0D /* Car.h */,
				CCE9EC111BEB3DB7000DAD0D /* Car.m */,
			);
			path = BlockPractic;
			sourceTree = "<group>";
		};
/* End PBXGroup section */

/* Begin PBXNativeTarget section */
		CCE9EC051BEB3DA6000DAD0D /* BlockPractic */ = {
			isa = PBXNativeTarget;
			buildConfigurationList = CCE9EC0D1BEB3DA6000DAD0D /* Build configuration list for PBXNativeTarget "BlockPractic" */;
			buildPhases = (
				CCE9EC021BEB3DA6000DAD0D /* Sources */,
				CCE9EC031BEB3DA6000DAD0D /* Frameworks */,
				CCE9EC041BEB3DA6000DAD0D /* CopyFiles */,
			);
			buildRules = (
			);
			dependencies = (
			);
			name = BlockPractic;
			productName = BlockPractic;
			productReference = CCE9EC061BEB3DA6000DAD0D /* BlockPractic */;
			productType = "com.apple.product-type.tool";
		};
/* End PBXNativeTarget section */

/* Begin PBXProject section */
		CCE9EBFE1BEB3DA6000DAD0D /* Project object */ = {
			isa = PBXProject;
			attributes = {
				LastUpgradeCheck = 0700;
				ORGANIZATIONNAME = qingyun;
				TargetAttributes = {
					CCE9EC051BEB3DA6000DAD0D = {
						CreatedOnToolsVersion = 7.0.1;
					};
				};
			};
			buildConfigurationList = CCE9EC011BEB3DA6000DAD0D /* Build configuration list for PBXProject "BlockPractic" */;
			compatibilityVersion = "Xcode 3.2";
			developmentRegion = English;
			hasScannedForEncodings = 0;
			knownRegions = (
				en,
			);
			mainGroup = CCE9EBFD1BEB3DA6000DAD0D;
			productRefGroup = CCE9EC071BEB3DA6000DAD0D /* Products */;
			projectDirPath = "";
			projectRoot = "";
			targets = (
				CCE9EC051BEB3DA6000DAD0D /* BlockPractic */,
			);
		};
/* End PBXProject section */

/* Begin PBXSourcesBuildPhase section */
		CCE9EC021BEB3DA6000DAD0D /* Sources */ = {
			isa = PBXSourcesBuildPhase;
			buildActionMask = 2147483647;
			files = (
				CCE9EC121BEB3DB7000DAD0D /* Car.m in Sources */,
				CCE9EC0A1BEB3DA6000DAD0D /* main.m in Sources */,
			);
			runOnlyForDeploymentPostprocessing = 0;
		};
/* End PBXSourcesBuildPhase section */

/* Begin XCBuildConfiguration section */
		CCE9EC0B1BEB3DA6000DAD0D /* Debug */ = {
			isa = XCBuildConfiguration;
			buildSettings = {
				ALWAYS_SEARCH_USER_PATHS = NO;
				CLANG_CXX_LANGUAGE_STANDARD = "gnu++0x";
				CLANG_CXX_LIBRARY = "libc++";
				CLANG_ENABLE_MODULES = YES;
				CLANG_ENABLE_OBJC_ARC = YES;
				CLANG_WARN_BOOL_CONVERSION = YES;
				CLANG_WARN_CONSTANT_CONVERSION = YES;
				CLANG_WARN_DIRECT_OBJC_ISA_USAGE = YES_ERROR;
				CLANG_WARN_EMPTY_BODY = YES;
				CLANG_WARN_ENUM_CONVERSION = YES;
				CLANG_WARN_INT_CONVERSION = YES;
				CLANG_WARN_OBJC_ROOT_CLASS = YES_ERROR;
				CLANG_WARN_UNREACHABLE_CODE = YES;
				CLANG_WARN__DUPLICATE_METHOD_MATCH = YES;
				COPY_PHASE_STRIP = NO;
				DEBUG_INFORMATION_FORMAT = dwarf;
				ENABLE_STRICT_OBJC_MSGSEND = YES;
				ENABLE_TESTABILITY = YES;
				GCC_C_LANGUAGE_STANDARD = gnu99;
				GCC_DYNAMIC_NO_PIC = NO;
				GCC_NO_COMMON_BLOCKS = YES;
				GCC_OPTIMIZATION_LEVEL = 0;
				GCC_PREPROCESSOR_DEFINITIONS = (
					"DEBUG=1",
					"$(inherited)",
				);
				GCC_WARN_64_TO_32_BIT_CONVERSION = YES;
				GCC_WARN_ABOUT_RETURN_TYPE = YES_ERROR;
				GCC_WARN_UNDECLARED_SELECTOR = YES;
				GCC_WARN_UNINITIALIZED_AUTOS = YES_AGGRESSIVE;
				GCC_WARN_UNUSED_FUNCTION = YES;
				GCC_WARN_UNUSED_VARIABLE = YES;
				MACOSX_DEPLOYMENT_TARGET = 10.10;
				MTL_ENABLE_DEBUG_INFO = YES;
				ONLY_ACTIVE_ARCH = YES;
				SDKROOT = macosx;
			};
			name = Debug;
		};
		CCE9EC0C1BEB3DA6000DAD0D /* Release */ = {
			isa = XCBuildConfiguration;
			buildSettings = {
				ALWAYS_SEARCH_USER_PATHS = NO;
				CLANG_CXX_LANGUAGE_STANDARD = "gnu++0x";
				CLANG_CXX_LIBRARY = "libc++";
				CLANG_ENABLE_MODULES = YES;
				CLANG_ENABLE_OBJC_ARC = YES;
				CLANG_WARN_BOOL_CONVERSION = YES;
				CLANG_WARN_CONSTANT_CONVERSION = YES;
				CLANG_WARN_DIRECT_OBJC_ISA_USAGE = YES_ERROR;
				CLANG_WARN_EMPTY_BODY = YES;
				CLANG_WARN_ENUM_CONVERSION = YES;
				CLANG_WARN_INT_CONVERSION = YES;
				CLANG_WARN_OBJC_ROOT_CLASS = YES_ERROR;
				CLANG_WARN_UNREACHABLE_CODE = YES;
				CLANG_WARN__DUPLICATE_METHOD_MATCH = YES;
				COPY_PHASE_STRIP = NO;
				DEBUG_INFORMATION_FORMAT = "dwarf-with-dsym";
				ENABLE_NS_ASSERTIONS = NO;
				ENABLE_STRICT_OBJC_MSGSEND = YES;
				GCC_C_LANGUAGE_STANDARD = gnu99;
				GCC_NO_COMMON_BLOCKS = YES;
				GCC_WARN_64_TO_32_BIT_CONVERSION = YES;
				GCC_WARN_ABOUT_RETURN_TYPE = YES_ERROR;
				GCC_WARN_UNDECLARED_SELECTOR = YES;
				GCC_WARN_UNINITIALIZED_AUTOS = YES_AGGRESSIVE;
				GCC_WARN_UNUSED_FUNCTION = YES;
				GCC_WARN_UNUSED_VARIABLE = YES;
				MACOSX_DEPLOYMENT_TARGET = 10.10;
				MTL_ENABLE_DEBUG_INFO = NO;
				SDKROOT = macosx;
			};
			name = Release;
		};
		CCE9EC0E1BEB3DA6000DAD0D /* Debug */ = {
			isa = XCBuildConfiguration;
			buildSettings = {
				PRODUCT_NAME = "$(TARGET_NAME)";
			};
			name = Debug;
		};
		CCE9EC0F1BEB3DA6000DAD0D /* Release */ = {
			isa = XCBuildConfiguration;
			buildSettings = {
				PRODUCT_NAME = "$(TARGET_NAME)";
			};
			name = Release;
		};
/* End XCBuildConfiguration section */

/* Begin XCConfigurationList section */
		CCE9EC011BEB3DA6000DAD0D /* Build configuration list for PBXProject "BlockPractic" */ = {
			isa = XCConfigurationList;
			buildConfigurations = (
				CCE9EC0B1BEB3DA6000DAD0D /* Debug */,
				CCE9EC0C1BEB3DA6000DAD0D /* Release */,
			);
			defaultConfigurationIsVisible = 0;
			defaultConfigurationName = Release;
		};
		CCE9EC0D1BEB3DA6000DAD0D /* Build configuration list for PBXNativeTarget "BlockPractic" */ = {
			isa = XCConfigurationList;
			buildConfigurations = (
				CCE9EC0E1BEB3DA6000DAD0D /* Debug */,
				CCE9EC0F1BEB3DA6000DAD0D /* Release */,
			);
			defaultConfigurationIsVisible = 0;
		};
/* End XCConfigurationList section */
	};
	rootObject = CCE9EBFE1BEB3DA6000DAD0D /* Project object */;
}
