// !$*UTF8*$!
{
	archiveVersion = 1;
	classes = {
	};
	objectVersion = 46;
	objects = {

/* Begin PBXBuildFile section */
		CC9FB9B91BEA2FCD00085CE2 /* Student.m in Sources */ = {isa = PBXBuildFile; fileRef = CC9FB9B81BEA2FCD00085CE2 /* Student.m */; settings = {ASSET_TAGS = (); }; };
		CC9FB9BC1BEA3A0300085CE2 /* Friend.m in Sources */ = {isa = PBXBuildFile; fileRef = CC9FB9BB1BEA3A0300085CE2 /* Friend.m */; settings = {ASSET_TAGS = (); }; };
		CCF0A8891BEA1CF7002D19E9 /* main.m in Sources */ = {isa = PBXBuildFile; fileRef = CCF0A8881BEA1CF7002D19E9 /* main.m */; };
/* End PBXBuildFile section */

/* Begin PBXCopyFilesBuildPhase section */
		CCF0A8831BEA1CF7002D19E9 /* CopyFiles */ = {
			isa = PBXCopyFilesBuildPhase;
			buildActionMask = 2147483647;
			dstPath = /usr/share/man/man1/;
			dstSubfolderSpec = 0;
			files = (
			);
			runOnlyForDeploymentPostprocessing = 1;
		};
/* End PBXCopyFilesBuildPhase section */

/* Begin PBXFileReference section */
		CC9FB9B71BEA2FCD00085CE2 /* Student.h */ = {isa = PBXFileReference; fileEncoding = 4; lastKnownFileType = sourcecode.c.h; path = Student.h; sourceTree = "<group>"; };
		CC9FB9B81BEA2FCD00085CE2 /* Student.m */ = {isa = PBXFileReference; fileEncoding = 4; lastKnownFileType = sourcecode.c.objc; path = Student.m; sourceTree = "<group>"; };
		CC9FB9BA1BEA3A0300085CE2 /* Friend.h */ = {isa = PBXFileReference; fileEncoding = 4; lastKnownFileType = sourcecode.c.h; path = Friend.h; sourceTree = "<group>"; };
		CC9FB9BB1BEA3A0300085CE2 /* Friend.m */ = {isa = PBXFileReference; fileEncoding = 4; lastKnownFileType = sourcecode.c.objc; path = Friend.m; sourceTree = "<group>"; };
		CCF0A8851BEA1CF7002D19E9 /* KVCSamtple */ = {isa = PBXFileReference; explicitFileType = "compiled.mach-o.executable"; includeInIndex = 0; path = KVCSamtple; sourceTree = BUILT_PRODUCTS_DIR; };
		CCF0A8881BEA1CF7002D19E9 /* main.m */ = {isa = PBXFileReference; lastKnownFileType = sourcecode.c.objc; path = main.m; sourceTree = "<group>"; wrapsLines = 0; };
/* End PBXFileReference section */

/* Begin PBXFrameworksBuildPhase section */
		CCF0A8821BEA1CF7002D19E9 /* Frameworks */ = {
			isa = PBXFrameworksBuildPhase;
			buildActionMask = 2147483647;
			files = (
			);
			runOnlyForDeploymentPostprocessing = 0;
		};
/* End PBXFrameworksBuildPhase section */

/* Begin PBXGroup section */
		CCF0A87C1BEA1CF7002D19E9 = {
			isa = PBXGroup;
			children = (
				CCF0A8871BEA1CF7002D19E9 /* KVCSamtple */,
				CCF0A8861BEA1CF7002D19E9 /* Products */,
			);
			sourceTree = "<group>";
		};
		CCF0A8861BEA1CF7002D19E9 /* Products */ = {
			isa = PBXGroup;
			children = (
				CCF0A8851BEA1CF7002D19E9 /* KVCSamtple */,
			);
			name = Products;
			sourceTree = "<group>";
		};
		CCF0A8871BEA1CF7002D19E9 /* KVCSamtple */ = {
			isa = PBXGroup;
			children = (
				CCF0A8881BEA1CF7002D19E9 /* main.m */,
				CC9FB9BA1BEA3A0300085CE2 /* Friend.h */,
				CC9FB9BB1BEA3A0300085CE2 /* Friend.m */,
				CC9FB9B71BEA2FCD00085CE2 /* Student.h */,
				CC9FB9B81BEA2FCD00085CE2 /* Student.m */,
			);
			path = KVCSamtple;
			sourceTree = "<group>";
		};
/* End PBXGroup section */

/* Begin PBXNativeTarget section */
		CCF0A8841BEA1CF7002D19E9 /* KVCSamtple */ = {
			isa = PBXNativeTarget;
			buildConfigurationList = CCF0A88C1BEA1CF7002D19E9 /* Build configuration list for PBXNativeTarget "KVCSamtple" */;
			buildPhases = (
				CCF0A8811BEA1CF7002D19E9 /* Sources */,
				CCF0A8821BEA1CF7002D19E9 /* Frameworks */,
				CCF0A8831BEA1CF7002D19E9 /* CopyFiles */,
			);
			buildRules = (
			);
			dependencies = (
			);
			name = KVCSamtple;
			productName = KVCSamtple;
			productReference = CCF0A8851BEA1CF7002D19E9 /* KVCSamtple */;
			productType = "com.apple.product-type.tool";
		};
/* End PBXNativeTarget section */

/* Begin PBXProject section */
		CCF0A87D1BEA1CF7002D19E9 /* Project object */ = {
			isa = PBXProject;
			attributes = {
				LastUpgradeCheck = 0700;
				ORGANIZATIONNAME = qingyun;
				TargetAttributes = {
					CCF0A8841BEA1CF7002D19E9 = {
						CreatedOnToolsVersion = 7.0.1;
					};
				};
			};
			buildConfigurationList = CCF0A8801BEA1CF7002D19E9 /* Build configuration list for PBXProject "KVCSamtple" */;
			compatibilityVersion = "Xcode 3.2";
			developmentRegion = English;
			hasScannedForEncodings = 0;
			knownRegions = (
				en,
			);
			mainGroup = CCF0A87C1BEA1CF7002D19E9;
			productRefGroup = CCF0A8861BEA1CF7002D19E9 /* Products */;
			projectDirPath = "";
			projectRoot = "";
			targets = (
				CCF0A8841BEA1CF7002D19E9 /* KVCSamtple */,
			);
		};
/* End PBXProject section */

/* Begin PBXSourcesBuildPhase section */
		CCF0A8811BEA1CF7002D19E9 /* Sources */ = {
			isa = PBXSourcesBuildPhase;
			buildActionMask = 2147483647;
			files = (
				CC9FB9BC1BEA3A0300085CE2 /* Friend.m in Sources */,
				CCF0A8891BEA1CF7002D19E9 /* main.m in Sources */,
				CC9FB9B91BEA2FCD00085CE2 /* Student.m in Sources */,
			);
			runOnlyForDeploymentPostprocessing = 0;
		};
/* End PBXSourcesBuildPhase section */

/* Begin XCBuildConfiguration section */
		CCF0A88A1BEA1CF7002D19E9 /* Debug */ = {
			isa = XCBuildConfiguration;
			buildSettings = {
				ALWAYS_SEARCH_USER_PATHS = NO;
				CLANG_CXX_LANGUAGE_STANDARD = "gnu++0x";
				CLANG_CXX_LIBRARY = "libc++";
				CLANG_ENABLE_MODULES = YES;
				CLANG_ENABLE_OBJC_ARC = YES;
				CLANG_WARN_BOOL_CONVERSION = YES;
				CLANG_WARN_CONSTANT_CONVERSION = YES;
				CLANG_WARN_DIRECT_OBJC_ISA_USAGE = YES_ERROR;
				CLANG_WARN_EMPTY_BODY = YES;
				CLANG_WARN_ENUM_CONVERSION = YES;
				CLANG_WARN_INT_CONVERSION = YES;
				CLANG_WARN_OBJC_ROOT_CLASS = YES_ERROR;
				CLANG_WARN_UNREACHABLE_CODE = YES;
				CLANG_WARN__DUPLICATE_METHOD_MATCH = YES;
				COPY_PHASE_STRIP = NO;
				DEBUG_INFORMATION_FORMAT = dwarf;
				ENABLE_STRICT_OBJC_MSGSEND = YES;
				ENABLE_TESTABILITY = YES;
				GCC_C_LANGUAGE_STANDARD = gnu99;
				GCC_DYNAMIC_NO_PIC = NO;
				GCC_NO_COMMON_BLOCKS = YES;
				GCC_OPTIMIZATION_LEVEL = 0;
				GCC_PREPROCESSOR_DEFINITIONS = (
					"DEBUG=1",
					"$(inherited)",
				);
				GCC_WARN_64_TO_32_BIT_CONVERSION = YES;
				GCC_WARN_ABOUT_RETURN_TYPE = YES_ERROR;
				GCC_WARN_UNDECLARED_SELECTOR = YES;
				GCC_WARN_UNINITIALIZED_AUTOS = YES_AGGRESSIVE;
				GCC_WARN_UNUSED_FUNCTION = YES;
				GCC_WARN_UNUSED_VARIABLE = YES;
				MACOSX_DEPLOYMENT_TARGET = 10.10;
				MTL_ENABLE_DEBUG_INFO = YES;
				ONLY_ACTIVE_ARCH = YES;
				SDKROOT = macosx;
			};
			name = Debug;
		};
		CCF0A88B1BEA1CF7002D19E9 /* Release */ = {
			isa = XCBuildConfiguration;
			buildSettings = {
				ALWAYS_SEARCH_USER_PATHS = NO;
				CLANG_CXX_LANGUAGE_STANDARD = "gnu++0x";
				CLANG_CXX_LIBRARY = "libc++";
				CLANG_ENABLE_MODULES = YES;
				CLANG_ENABLE_OBJC_ARC = YES;
				CLANG_WARN_BOOL_CONVERSION = YES;
				CLANG_WARN_CONSTANT_CONVERSION = YES;
				CLANG_WARN_DIRECT_OBJC_ISA_USAGE = YES_ERROR;
				CLANG_WARN_EMPTY_BODY = YES;
				CLANG_WARN_ENUM_CONVERSION = YES;
				CLANG_WARN_INT_CONVERSION = YES;
				CLANG_WARN_OBJC_ROOT_CLASS = YES_ERROR;
				CLANG_WARN_UNREACHABLE_CODE = YES;
				CLANG_WARN__DUPLICATE_METHOD_MATCH = YES;
				COPY_PHASE_STRIP = NO;
				DEBUG_INFORMATION_FORMAT = "dwarf-with-dsym";
				ENABLE_NS_ASSERTIONS = NO;
				ENABLE_STRICT_OBJC_MSGSEND = YES;
				GCC_C_LANGUAGE_STANDARD = gnu99;
				GCC_NO_COMMON_BLOCKS = YES;
				GCC_WARN_64_TO_32_BIT_CONVERSION = YES;
				GCC_WARN_ABOUT_RETURN_TYPE = YES_ERROR;
				GCC_WARN_UNDECLARED_SELECTOR = YES;
				GCC_WARN_UNINITIALIZED_AUTOS = YES_AGGRESSIVE;
				GCC_WARN_UNUSED_FUNCTION = YES;
				GCC_WARN_UNUSED_VARIABLE = YES;
				MACOSX_DEPLOYMENT_TARGET = 10.10;
				MTL_ENABLE_DEBUG_INFO = NO;
				SDKROOT = macosx;
			};
			name = Release;
		};
		CCF0A88D1BEA1CF7002D19E9 /* Debug */ = {
			isa = XCBuildConfiguration;
			buildSettings = {
				PRODUCT_NAME = "$(TARGET_NAME)";
			};
			name = Debug;
		};
		CCF0A88E1BEA1CF7002D19E9 /* Release */ = {
			isa = XCBuildConfiguration;
			buildSettings = {
				PRODUCT_NAME = "$(TARGET_NAME)";
			};
			name = Release;
		};
/* End XCBuildConfiguration section */

/* Begin XCConfigurationList section */
		CCF0A8801BEA1CF7002D19E9 /* Build configuration list for PBXProject "KVCSamtple" */ = {
			isa = XCConfigurationList;
			buildConfigurations = (
				CCF0A88A1BEA1CF7002D19E9 /* Debug */,
				CCF0A88B1BEA1CF7002D19E9 /* Release */,
			);
			defaultConfigurationIsVisible = 0;
			defaultConfigurationName = Release;
		};
		CCF0A88C1BEA1CF7002D19E9 /* Build configuration list for PBXNativeTarget "KVCSamtple" */ = {
			isa = XCConfigurationList;
			buildConfigurations = (
				CCF0A88D1BEA1CF7002D19E9 /* Debug */,
				CCF0A88E1BEA1CF7002D19E9 /* Release */,
			);
			defaultConfigurationIsVisible = 0;
			defaultConfigurationName = Release;
		};
/* End XCConfigurationList section */
	};
	rootObject = CCF0A87D1BEA1CF7002D19E9 /* Project object */;
}
