// !$*UTF8*$!
{
	archiveVersion = 1;
	classes = {
	};
	objectVersion = 46;
	objects = {

/* Begin PBXBuildFile section */
		CC0A1EBB1BDB322C00E22225 /* main.m in Sources */ = {isa = PBXBuildFile; fileRef = CC0A1EBA1BDB322C00E22225 /* main.m */; };
		CC0A1EC31BDB324200E22225 /* QYCar.m in Sources */ = {isa = PBXBuildFile; fileRef = CC0A1EC21BDB324200E22225 /* QYCar.m */; settings = {ASSET_TAGS = (); }; };
		CC0A1EC61BDB325800E22225 /* Tire.m in Sources */ = {isa = PBXBuildFile; fileRef = CC0A1EC51BDB325800E22225 /* Tire.m */; settings = {ASSET_TAGS = (); }; };
/* End PBXBuildFile section */

/* Begin PBXCopyFilesBuildPhase section */
		CC0A1EB51BDB322C00E22225 /* CopyFiles */ = {
			isa = PBXCopyFilesBuildPhase;
			buildActionMask = 2147483647;
			dstPath = /usr/share/man/man1/;
			dstSubfolderSpec = 0;
			files = (
			);
			runOnlyForDeploymentPostprocessing = 1;
		};
/* End PBXCopyFilesBuildPhase section */

/* Begin PBXFileReference section */
		CC0A1EB71BDB322C00E22225 /* QYCar */ = {isa = PBXFileReference; explicitFileType = "compiled.mach-o.executable"; includeInIndex = 0; path = QYCar; sourceTree = BUILT_PRODUCTS_DIR; };
		CC0A1EBA1BDB322C00E22225 /* main.m */ = {isa = PBXFileReference; lastKnownFileType = sourcecode.c.objc; path = main.m; sourceTree = "<group>"; wrapsLines = 0; };
		CC0A1EC11BDB324200E22225 /* QYCar.h */ = {isa = PBXFileReference; fileEncoding = 4; lastKnownFileType = sourcecode.c.h; path = QYCar.h; sourceTree = "<group>"; };
		CC0A1EC21BDB324200E22225 /* QYCar.m */ = {isa = PBXFileReference; fileEncoding = 4; lastKnownFileType = sourcecode.c.objc; path = QYCar.m; sourceTree = "<group>"; };
		CC0A1EC41BDB325800E22225 /* Tire.h */ = {isa = PBXFileReference; fileEncoding = 4; lastKnownFileType = sourcecode.c.h; path = Tire.h; sourceTree = "<group>"; };
		CC0A1EC51BDB325800E22225 /* Tire.m */ = {isa = PBXFileReference; fileEncoding = 4; lastKnownFileType = sourcecode.c.objc; path = Tire.m; sourceTree = "<group>"; };
/* End PBXFileReference section */

/* Begin PBXFrameworksBuildPhase section */
		CC0A1EB41BDB322C00E22225 /* Frameworks */ = {
			isa = PBXFrameworksBuildPhase;
			buildActionMask = 2147483647;
			files = (
			);
			runOnlyForDeploymentPostprocessing = 0;
		};
/* End PBXFrameworksBuildPhase section */

/* Begin PBXGroup section */
		CC0A1EAE1BDB322C00E22225 = {
			isa = PBXGroup;
			children = (
				CC0A1EB91BDB322C00E22225 /* QYCar */,
				CC0A1EB81BDB322C00E22225 /* Products */,
			);
			sourceTree = "<group>";
		};
		CC0A1EB81BDB322C00E22225 /* Products */ = {
			isa = PBXGroup;
			children = (
				CC0A1EB71BDB322C00E22225 /* QYCar */,
			);
			name = Products;
			sourceTree = "<group>";
		};
		CC0A1EB91BDB322C00E22225 /* QYCar */ = {
			isa = PBXGroup;
			children = (
				CC0A1EBA1BDB322C00E22225 /* main.m */,
				CC0A1EC11BDB324200E22225 /* QYCar.h */,
				CC0A1EC21BDB324200E22225 /* QYCar.m */,
				CC0A1EC41BDB325800E22225 /* Tire.h */,
				CC0A1EC51BDB325800E22225 /* Tire.m */,
			);
			path = QYCar;
			sourceTree = "<group>";
		};
/* End PBXGroup section */

/* Begin PBXNativeTarget section */
		CC0A1EB61BDB322C00E22225 /* QYCar */ = {
			isa = PBXNativeTarget;
			buildConfigurationList = CC0A1EBE1BDB322C00E22225 /* Build configuration list for PBXNativeTarget "QYCar" */;
			buildPhases = (
				CC0A1EB31BDB322C00E22225 /* Sources */,
				CC0A1EB41BDB322C00E22225 /* Frameworks */,
				CC0A1EB51BDB322C00E22225 /* CopyFiles */,
			);
			buildRules = (
			);
			dependencies = (
			);
			name = QYCar;
			productName = QYCar;
			productReference = CC0A1EB71BDB322C00E22225 /* QYCar */;
			productType = "com.apple.product-type.tool";
		};
/* End PBXNativeTarget section */

/* Begin PBXProject section */
		CC0A1EAF1BDB322C00E22225 /* Project object */ = {
			isa = PBXProject;
			attributes = {
				LastUpgradeCheck = 0700;
				ORGANIZATIONNAME = Qingyun;
				TargetAttributes = {
					CC0A1EB61BDB322C00E22225 = {
						CreatedOnToolsVersion = 7.0.1;
					};
				};
			};
			buildConfigurationList = CC0A1EB21BDB322C00E22225 /* Build configuration list for PBXProject "QYCar" */;
			compatibilityVersion = "Xcode 3.2";
			developmentRegion = English;
			hasScannedForEncodings = 0;
			knownRegions = (
				en,
			);
			mainGroup = CC0A1EAE1BDB322C00E22225;
			productRefGroup = CC0A1EB81BDB322C00E22225 /* Products */;
			projectDirPath = "";
			projectRoot = "";
			targets = (
				CC0A1EB61BDB322C00E22225 /* QYCar */,
			);
		};
/* End PBXProject section */

/* Begin PBXSourcesBuildPhase section */
		CC0A1EB31BDB322C00E22225 /* Sources */ = {
			isa = PBXSourcesBuildPhase;
			buildActionMask = 2147483647;
			files = (
				CC0A1EC31BDB324200E22225 /* QYCar.m in Sources */,
				CC0A1EC61BDB325800E22225 /* Tire.m in Sources */,
				CC0A1EBB1BDB322C00E22225 /* main.m in Sources */,
			);
			runOnlyForDeploymentPostprocessing = 0;
		};
/* End PBXSourcesBuildPhase section */

/* Begin XCBuildConfiguration section */
		CC0A1EBC1BDB322C00E22225 /* Debug */ = {
			isa = XCBuildConfiguration;
			buildSettings = {
				ALWAYS_SEARCH_USER_PATHS = NO;
				CLANG_CXX_LANGUAGE_STANDARD = "gnu++0x";
				CLANG_CXX_LIBRARY = "libc++";
				CLANG_ENABLE_MODULES = YES;
				CLANG_ENABLE_OBJC_ARC = YES;
				CLANG_WARN_BOOL_CONVERSION = YES;
				CLANG_WARN_CONSTANT_CONVERSION = YES;
				CLANG_WARN_DIRECT_OBJC_ISA_USAGE = YES_ERROR;
				CLANG_WARN_EMPTY_BODY = YES;
				CLANG_WARN_ENUM_CONVERSION = YES;
				CLANG_WARN_INT_CONVERSION = YES;
				CLANG_WARN_OBJC_ROOT_CLASS = YES_ERROR;
				CLANG_WARN_UNREACHABLE_CODE = YES;
				CLANG_WARN__DUPLICATE_METHOD_MATCH = YES;
				COPY_PHASE_STRIP = NO;
				DEBUG_INFORMATION_FORMAT = dwarf;
				ENABLE_STRICT_OBJC_MSGSEND = YES;
				ENABLE_TESTABILITY = YES;
				GCC_C_LANGUAGE_STANDARD = gnu99;
				GCC_DYNAMIC_NO_PIC = NO;
				GCC_NO_COMMON_BLOCKS = YES;
				GCC_OPTIMIZATION_LEVEL = 0;
				GCC_PREPROCESSOR_DEFINITIONS = (
					"DEBUG=1",
					"$(inherited)",
				);
				GCC_WARN_64_TO_32_BIT_CONVERSION = YES;
				GCC_WARN_ABOUT_RETURN_TYPE = YES_ERROR;
				GCC_WARN_UNDECLARED_SELECTOR = YES;
				GCC_WARN_UNINITIALIZED_AUTOS = YES_AGGRESSIVE;
				GCC_WARN_UNUSED_FUNCTION = YES;
				GCC_WARN_UNUSED_VARIABLE = YES;
				MACOSX_DEPLOYMENT_TARGET = 10.10;
				MTL_ENABLE_DEBUG_INFO = YES;
				ONLY_ACTIVE_ARCH = YES;
				SDKROOT = macosx;
			};
			name = Debug;
		};
		CC0A1EBD1BDB322C00E22225 /* Release */ = {
			isa = XCBuildConfiguration;
			buildSettings = {
				ALWAYS_SEARCH_USER_PATHS = NO;
				CLANG_CXX_LANGUAGE_STANDARD = "gnu++0x";
				CLANG_CXX_LIBRARY = "libc++";
				CLANG_ENABLE_MODULES = YES;
				CLANG_ENABLE_OBJC_ARC = YES;
				CLANG_WARN_BOOL_CONVERSION = YES;
				CLANG_WARN_CONSTANT_CONVERSION = YES;
				CLANG_WARN_DIRECT_OBJC_ISA_USAGE = YES_ERROR;
				CLANG_WARN_EMPTY_BODY = YES;
				CLANG_WARN_ENUM_CONVERSION = YES;
				CLANG_WARN_INT_CONVERSION = YES;
				CLANG_WARN_OBJC_ROOT_CLASS = YES_ERROR;
				CLANG_WARN_UNREACHABLE_CODE = YES;
				CLANG_WARN__DUPLICATE_METHOD_MATCH = YES;
				COPY_PHASE_STRIP = NO;
				DEBUG_INFORMATION_FORMAT = "dwarf-with-dsym";
				ENABLE_NS_ASSERTIONS = NO;
				ENABLE_STRICT_OBJC_MSGSEND = YES;
				GCC_C_LANGUAGE_STANDARD = gnu99;
				GCC_NO_COMMON_BLOCKS = YES;
				GCC_WARN_64_TO_32_BIT_CONVERSION = YES;
				GCC_WARN_ABOUT_RETURN_TYPE = YES_ERROR;
				GCC_WARN_UNDECLARED_SELECTOR = YES;
				GCC_WARN_UNINITIALIZED_AUTOS = YES_AGGRESSIVE;
				GCC_WARN_UNUSED_FUNCTION = YES;
				GCC_WARN_UNUSED_VARIABLE = YES;
				MACOSX_DEPLOYMENT_TARGET = 10.10;
				MTL_ENABLE_DEBUG_INFO = NO;
				SDKROOT = macosx;
			};
			name = Release;
		};
		CC0A1EBF1BDB322C00E22225 /* Debug */ = {
			isa = XCBuildConfiguration;
			buildSettings = {
				PRODUCT_NAME = "$(TARGET_NAME)";
			};
			name = Debug;
		};
		CC0A1EC01BDB322C00E22225 /* Release */ = {
			isa = XCBuildConfiguration;
			buildSettings = {
				PRODUCT_NAME = "$(TARGET_NAME)";
			};
			name = Release;
		};
/* End XCBuildConfiguration section */

/* Begin XCConfigurationList section */
		CC0A1EB21BDB322C00E22225 /* Build configuration list for PBXProject "QYCar" */ = {
			isa = XCConfigurationList;
			buildConfigurations = (
				CC0A1EBC1BDB322C00E22225 /* Debug */,
				CC0A1EBD1BDB322C00E22225 /* Release */,
			);
			defaultConfigurationIsVisible = 0;
			defaultConfigurationName = Release;
		};
		CC0A1EBE1BDB322C00E22225 /* Build configuration list for PBXNativeTarget "QYCar" */ = {
			isa = XCConfigurationList;
			buildConfigurations = (
				CC0A1EBF1BDB322C00E22225 /* Debug */,
				CC0A1EC01BDB322C00E22225 /* Release */,
			);
			defaultConfigurationIsVisible = 0;
		};
/* End XCConfigurationList section */
	};
	rootObject = CC0A1EAF1BDB322C00E22225 /* Project object */;
}
