// !$*UTF8*$!
{
	archiveVersion = 1;
	classes = {
	};
	objectVersion = 46;
	objects = {

/* Begin PBXBuildFile section */
		CCD7B3FB1BE22107008B02E9 /* main.m in Sources */ = {isa = PBXBuildFile; fileRef = CCD7B3FA1BE22107008B02E9 /* main.m */; };
		CCD7B4031BE22196008B02E9 /* Person.m in Sources */ = {isa = PBXBuildFile; fileRef = CCD7B4021BE22196008B02E9 /* Person.m */; settings = {ASSET_TAGS = (); }; };
/* End PBXBuildFile section */

/* Begin PBXCopyFilesBuildPhase section */
		CCD7B3F51BE22107008B02E9 /* CopyFiles */ = {
			isa = PBXCopyFilesBuildPhase;
			buildActionMask = 2147483647;
			dstPath = /usr/share/man/man1/;
			dstSubfolderSpec = 0;
			files = (
			);
			runOnlyForDeploymentPostprocessing = 1;
		};
/* End PBXCopyFilesBuildPhase section */

/* Begin PBXFileReference section */
		CCD7B3F71BE22107008B02E9 /* ARCRule */ = {isa = PBXFileReference; explicitFileType = "compiled.mach-o.executable"; includeInIndex = 0; path = ARCRule; sourceTree = BUILT_PRODUCTS_DIR; };
		CCD7B3FA1BE22107008B02E9 /* main.m */ = {isa = PBXFileReference; lastKnownFileType = sourcecode.c.objc; path = main.m; sourceTree = "<group>"; };
		CCD7B4011BE22196008B02E9 /* Person.h */ = {isa = PBXFileReference; fileEncoding = 4; lastKnownFileType = sourcecode.c.h; path = Person.h; sourceTree = "<group>"; };
		CCD7B4021BE22196008B02E9 /* Person.m */ = {isa = PBXFileReference; fileEncoding = 4; lastKnownFileType = sourcecode.c.objc; path = Person.m; sourceTree = "<group>"; };
/* End PBXFileReference section */

/* Begin PBXFrameworksBuildPhase section */
		CCD7B3F41BE22107008B02E9 /* Frameworks */ = {
			isa = PBXFrameworksBuildPhase;
			buildActionMask = 2147483647;
			files = (
			);
			runOnlyForDeploymentPostprocessing = 0;
		};
/* End PBXFrameworksBuildPhase section */

/* Begin PBXGroup section */
		CCD7B3EE1BE22107008B02E9 = {
			isa = PBXGroup;
			children = (
				CCD7B3F91BE22107008B02E9 /* ARCRule */,
				CCD7B3F81BE22107008B02E9 /* Products */,
			);
			sourceTree = "<group>";
		};
		CCD7B3F81BE22107008B02E9 /* Products */ = {
			isa = PBXGroup;
			children = (
				CCD7B3F71BE22107008B02E9 /* ARCRule */,
			);
			name = Products;
			sourceTree = "<group>";
		};
		CCD7B3F91BE22107008B02E9 /* ARCRule */ = {
			isa = PBXGroup;
			children = (
				CCD7B3FA1BE22107008B02E9 /* main.m */,
				CCD7B4011BE22196008B02E9 /* Person.h */,
				CCD7B4021BE22196008B02E9 /* Person.m */,
			);
			path = ARCRule;
			sourceTree = "<group>";
		};
/* End PBXGroup section */

/* Begin PBXNativeTarget section */
		CCD7B3F61BE22107008B02E9 /* ARCRule */ = {
			isa = PBXNativeTarget;
			buildConfigurationList = CCD7B3FE1BE22107008B02E9 /* Build configuration list for PBXNativeTarget "ARCRule" */;
			buildPhases = (
				CCD7B3F31BE22107008B02E9 /* Sources */,
				CCD7B3F41BE22107008B02E9 /* Frameworks */,
				CCD7B3F51BE22107008B02E9 /* CopyFiles */,
			);
			buildRules = (
			);
			dependencies = (
			);
			name = ARCRule;
			productName = ARCRule;
			productReference = CCD7B3F71BE22107008B02E9 /* ARCRule */;
			productType = "com.apple.product-type.tool";
		};
/* End PBXNativeTarget section */

/* Begin PBXProject section */
		CCD7B3EF1BE22107008B02E9 /* Project object */ = {
			isa = PBXProject;
			attributes = {
				LastUpgradeCheck = 0700;
				ORGANIZATIONNAME = qingyun;
				TargetAttributes = {
					CCD7B3F61BE22107008B02E9 = {
						CreatedOnToolsVersion = 7.0.1;
					};
				};
			};
			buildConfigurationList = CCD7B3F21BE22107008B02E9 /* Build configuration list for PBXProject "ARCRule" */;
			compatibilityVersion = "Xcode 3.2";
			developmentRegion = English;
			hasScannedForEncodings = 0;
			knownRegions = (
				en,
			);
			mainGroup = CCD7B3EE1BE22107008B02E9;
			productRefGroup = CCD7B3F81BE22107008B02E9 /* Products */;
			projectDirPath = "";
			projectRoot = "";
			targets = (
				CCD7B3F61BE22107008B02E9 /* ARCRule */,
			);
		};
/* End PBXProject section */

/* Begin PBXSourcesBuildPhase section */
		CCD7B3F31BE22107008B02E9 /* Sources */ = {
			isa = PBXSourcesBuildPhase;
			buildActionMask = 2147483647;
			files = (
				CCD7B4031BE22196008B02E9 /* Person.m in Sources */,
				CCD7B3FB1BE22107008B02E9 /* main.m in Sources */,
			);
			runOnlyForDeploymentPostprocessing = 0;
		};
/* End PBXSourcesBuildPhase section */

/* Begin XCBuildConfiguration section */
		CCD7B3FC1BE22107008B02E9 /* Debug */ = {
			isa = XCBuildConfiguration;
			buildSettings = {
				ALWAYS_SEARCH_USER_PATHS = NO;
				CLANG_CXX_LANGUAGE_STANDARD = "gnu++0x";
				CLANG_CXX_LIBRARY = "libc++";
				CLANG_ENABLE_MODULES = YES;
				CLANG_ENABLE_OBJC_ARC = YES;
				CLANG_WARN_BOOL_CONVERSION = YES;
				CLANG_WARN_CONSTANT_CONVERSION = YES;
				CLANG_WARN_DIRECT_OBJC_ISA_USAGE = YES_ERROR;
				CLANG_WARN_EMPTY_BODY = YES;
				CLANG_WARN_ENUM_CONVERSION = YES;
				CLANG_WARN_INT_CONVERSION = YES;
				CLANG_WARN_OBJC_ROOT_CLASS = YES_ERROR;
				CLANG_WARN_UNREACHABLE_CODE = YES;
				CLANG_WARN__DUPLICATE_METHOD_MATCH = YES;
				COPY_PHASE_STRIP = NO;
				DEBUG_INFORMATION_FORMAT = dwarf;
				ENABLE_STRICT_OBJC_MSGSEND = YES;
				ENABLE_TESTABILITY = YES;
				GCC_C_LANGUAGE_STANDARD = gnu99;
				GCC_DYNAMIC_NO_PIC = NO;
				GCC_NO_COMMON_BLOCKS = YES;
				GCC_OPTIMIZATION_LEVEL = 0;
				GCC_PREPROCESSOR_DEFINITIONS = (
					"DEBUG=1",
					"$(inherited)",
				);
				GCC_WARN_64_TO_32_BIT_CONVERSION = YES;
				GCC_WARN_ABOUT_RETURN_TYPE = YES_ERROR;
				GCC_WARN_UNDECLARED_SELECTOR = YES;
				GCC_WARN_UNINITIALIZED_AUTOS = YES_AGGRESSIVE;
				GCC_WARN_UNUSED_FUNCTION = YES;
				GCC_WARN_UNUSED_VARIABLE = YES;
				MACOSX_DEPLOYMENT_TARGET = 10.10;
				MTL_ENABLE_DEBUG_INFO = YES;
				ONLY_ACTIVE_ARCH = YES;
				SDKROOT = macosx;
			};
			name = Debug;
		};
		CCD7B3FD1BE22107008B02E9 /* Release */ = {
			isa = XCBuildConfiguration;
			buildSettings = {
				ALWAYS_SEARCH_USER_PATHS = NO;
				CLANG_CXX_LANGUAGE_STANDARD = "gnu++0x";
				CLANG_CXX_LIBRARY = "libc++";
				CLANG_ENABLE_MODULES = YES;
				CLANG_ENABLE_OBJC_ARC = YES;
				CLANG_WARN_BOOL_CONVERSION = YES;
				CLANG_WARN_CONSTANT_CONVERSION = YES;
				CLANG_WARN_DIRECT_OBJC_ISA_USAGE = YES_ERROR;
				CLANG_WARN_EMPTY_BODY = YES;
				CLANG_WARN_ENUM_CONVERSION = YES;
				CLANG_WARN_INT_CONVERSION = YES;
				CLANG_WARN_OBJC_ROOT_CLASS = YES_ERROR;
				CLANG_WARN_UNREACHABLE_CODE = YES;
				CLANG_WARN__DUPLICATE_METHOD_MATCH = YES;
				COPY_PHASE_STRIP = NO;
				DEBUG_INFORMATION_FORMAT = "dwarf-with-dsym";
				ENABLE_NS_ASSERTIONS = NO;
				ENABLE_STRICT_OBJC_MSGSEND = YES;
				GCC_C_LANGUAGE_STANDARD = gnu99;
				GCC_NO_COMMON_BLOCKS = YES;
				GCC_WARN_64_TO_32_BIT_CONVERSION = YES;
				GCC_WARN_ABOUT_RETURN_TYPE = YES_ERROR;
				GCC_WARN_UNDECLARED_SELECTOR = YES;
				GCC_WARN_UNINITIALIZED_AUTOS = YES_AGGRESSIVE;
				GCC_WARN_UNUSED_FUNCTION = YES;
				GCC_WARN_UNUSED_VARIABLE = YES;
				MACOSX_DEPLOYMENT_TARGET = 10.10;
				MTL_ENABLE_DEBUG_INFO = NO;
				SDKROOT = macosx;
			};
			name = Release;
		};
		CCD7B3FF1BE22107008B02E9 /* Debug */ = {
			isa = XCBuildConfiguration;
			buildSettings = {
				PRODUCT_NAME = "$(TARGET_NAME)";
			};
			name = Debug;
		};
		CCD7B4001BE22107008B02E9 /* Release */ = {
			isa = XCBuildConfiguration;
			buildSettings = {
				PRODUCT_NAME = "$(TARGET_NAME)";
			};
			name = Release;
		};
/* End XCBuildConfiguration section */

/* Begin XCConfigurationList section */
		CCD7B3F21BE22107008B02E9 /* Build configuration list for PBXProject "ARCRule" */ = {
			isa = XCConfigurationList;
			buildConfigurations = (
				CCD7B3FC1BE22107008B02E9 /* Debug */,
				CCD7B3FD1BE22107008B02E9 /* Release */,
			);
			defaultConfigurationIsVisible = 0;
			defaultConfigurationName = Release;
		};
		CCD7B3FE1BE22107008B02E9 /* Build configuration list for PBXNativeTarget "ARCRule" */ = {
			isa = XCConfigurationList;
			buildConfigurations = (
				CCD7B3FF1BE22107008B02E9 /* Debug */,
				CCD7B4001BE22107008B02E9 /* Release */,
			);
			defaultConfigurationIsVisible = 0;
		};
/* End XCConfigurationList section */
	};
	rootObject = CCD7B3EF1BE22107008B02E9 /* Project object */;
}
